{
  "pins" : [
    {
      "identity" : "davidfoundation",
      "kind" : "remoteSourceControl",
      "location" : "https://github.com/buresdv/DavidFoundation",
      "state" : {
        "revision" : "e75dfc53ff6797b6daf5a5b8a96c0fd47df90194",
        "version" : "1.0.0"
      }
    },
    {
      "identity" : "launchatlogin-modern",
      "kind" : "remoteSourceControl",
      "location" : "https://github.com/sindresorhus/LaunchAtLogin-Modern",
      "state" : {
        "revision" : "a04ec1c363be3627734f6dad757d82f5d4fa8fcc",
        "version" : "1.1.0"
      }
    }
  ],
  "version" : 2
}
