{
  "pins" : [
    {
      "identity" : "buttonkit",
      "kind" : "remoteSourceControl",
      "location" : "https://github.com/Dean151/ButtonKit",
      "state" : {
        "revision" : "5d049dec3ec474ea2ad79eb4acd066edeacb9953",
        "version" : "0.6.1"
      }
    },
    {
      "identity" : "davidfoundation",
      "kind" : "remoteSourceControl",
      "location" : "https://github.com/buresdv/DavidFoundation",
      "state" : {
        "revision" : "85c5e03e89287b95ec87b021408f1ecbbae6e631",
        "version" : "2.0.1"
      }
    },
    {
      "identity" : "defaults",
      "kind" : "remoteSourceControl",
      "location" : "https://github.com/sindresorhus/Defaults",
      "state" : {
        "revision" : "cc938ecf0bed848dc80a9726ac5455104e3f9dae",
        "version" : "9.0.2"
      }
    },
    {
      "identity" : "launchatlogin-modern",
      "kind" : "remoteSourceControl",
      "location" : "https://github.com/sindresorhus/LaunchAtLogin-Modern",
      "state" : {
        "revision" : "a04ec1c363be3627734f6dad757d82f5d4fa8fcc",
        "version" : "1.1.0"
      }
    },
    {
      "identity" : "swift-syntax",
      "kind" : "remoteSourceControl",
      "location" : "https://github.com/swiftlang/swift-syntax",
      "state" : {
        "revision" : "0687f71944021d616d34d922343dcef086855920",
        "version" : "600.0.1"
      }
    },
    {
      "identity" : "swiftlintplugins",
      "kind" : "remoteSourceControl",
      "location" : "https://github.com/SimplyDanny/SwiftLintPlugins",
      "state" : {
        "revision" : "6c3d6c32a37224179dc290f21e03d1238f3d963b",
        "version" : "0.56.2"
      }
    }
  ],
  "version" : 2
}
