{
  "pins" : [
    {
      "identity" : "davidfoundation",
      "kind" : "remoteSourceControl",
      "location" : "https://github.com/buresdv/DavidFoundation",
      "state" : {
        "branch" : "main",
        "revision" : "6b09749f713c1c769a664bb49c7fdc46ee9102e0"
      }
    },
    {
      "identity" : "launchatlogin-modern",
      "kind" : "remoteSourceControl",
      "location" : "https://github.com/sindresorhus/LaunchAtLogin-Modern",
      "state" : {
        "revision" : "a04ec1c363be3627734f6dad757d82f5d4fa8fcc",
        "version" : "1.1.0"
      }
    }
  ],
  "version" : 2
}
