{
  "pins" : [
    {
      "identity" : "davidfoundation",
      "kind" : "remoteSourceControl",
      "location" : "https://github.com/buresdv/DavidFoundation",
      "state" : {
        "branch" : "main",
        "revision" : "689acd5965a72ead24fafe692b7345aaeb4bea69"
      }
    }
  ],
  "version" : 2
}
