{
  "originHash" : "3d0521942336371ef73d8698ac410a45a7eaad55d50ed5b39b70e2e876f4975d",
  "pins" : [
    {
      "identity" : "davidfoundation",
      "kind" : "remoteSourceControl",
      "location" : "https://github.com/buresdv/DavidFoundation",
      "state" : {
        "branch" : "main",
        "revision" : "e75dfc53ff6797b6daf5a5b8a96c0fd47df90194"
      }
    },
    {
      "identity" : "launchatlogin-modern",
      "kind" : "remoteSourceControl",
      "location" : "https://github.com/sindresorhus/LaunchAtLogin-Modern",
      "state" : {
        "revision" : "a04ec1c363be3627734f6dad757d82f5d4fa8fcc",
        "version" : "1.1.0"
      }
    }
  ],
  "version" : 3
}
