{
  "originHash" : "99a9130b3f773ebea66aa5db59e67461c7886dea4cd85495b6955753f29fc44d",
  "pins" : [
    {
      "identity" : "davidfoundation",
      "kind" : "remoteSourceControl",
      "location" : "https://github.com/buresdv/DavidFoundation",
      "state" : {
        "branch" : "main",
        "revision" : "e75dfc53ff6797b6daf5a5b8a96c0fd47df90194"
      }
    },
    {
      "identity" : "launchatlogin-modern",
      "kind" : "remoteSourceControl",
      "location" : "https://github.com/sindresorhus/LaunchAtLogin-Modern",
      "state" : {
        "revision" : "a04ec1c363be3627734f6dad757d82f5d4fa8fcc",
        "version" : "1.1.0"
      }
    },
    {
      "identity" : "swiftyjson",
      "kind" : "remoteSourceControl",
      "location" : "https://github.com/SwiftyJSON/SwiftyJSON",
      "state" : {
        "revision" : "b3dcd7dbd0d488e1a7077cb33b00f2083e382f07",
        "version" : "5.0.1"
      }
    }
  ],
  "version" : 3
}
