// !$*UTF8*$!
{
	archiveVersion = 1;
	classes = {
	};
	objectVersion = 56;
	objects = {

/* Begin PBXBuildFile section */
		63006DFB29AB692B00243E29 /* DisclosureGroup - No Padding.swift in Sources */ = {isa = PBXBuildFile; fileRef = 63006DFA29AB692B00243E29 /* DisclosureGroup - No Padding.swift */; };
		63006E0029AC073D00243E29 /* Parse JSON.swift in Sources */ = {isa = PBXBuildFile; fileRef = 63006DFF29AC073D00243E29 /* Parse JSON.swift */; };
		63006E0629ACC56800243E29 /* Get Package Description.swift in Sources */ = {isa = PBXBuildFile; fileRef = 63006E0529ACC56800243E29 /* Get Package Description.swift */; };
		63006E0829ACC60F00243E29 /* Get Package Homepage.swift in Sources */ = {isa = PBXBuildFile; fileRef = 63006E0729ACC60F00243E29 /* Get Package Homepage.swift */; };
		63006E0A29ACC6AC00243E29 /* Get Package Dependencies.swift in Sources */ = {isa = PBXBuildFile; fileRef = 63006E0929ACC6AC00243E29 /* Get Package Dependencies.swift */; };
		63006E0D29ACC78400243E29 /* Package Dependency.swift in Sources */ = {isa = PBXBuildFile; fileRef = 63006E0C29ACC78400243E29 /* Package Dependency.swift */; };
		63006E0F29ACCBA400243E29 /* Get Package Tap.swift in Sources */ = {isa = PBXBuildFile; fileRef = 63006E0E29ACCBA400243E29 /* Get Package Tap.swift */; };
		63006E1129ACCCB800243E29 /* Get If Package Was Installed as Dependency.swift in Sources */ = {isa = PBXBuildFile; fileRef = 63006E1029ACCCB800243E29 /* Get If Package Was Installed as Dependency.swift */; };
		63006E1329ACCE2600243E29 /* Get If Package Is Outdated.swift in Sources */ = {isa = PBXBuildFile; fileRef = 63006E1229ACCE2600243E29 /* Get If Package Is Outdated.swift */; };
		63006E1729AD143D00243E29 /* Dependency List.swift in Sources */ = {isa = PBXBuildFile; fileRef = 63006E1629AD143D00243E29 /* Dependency List.swift */; };
		63006E1929AD215000243E29 /* Get Caveats.swift in Sources */ = {isa = PBXBuildFile; fileRef = 63006E1829AD215000243E29 /* Get Caveats.swift */; };
		630D08B929B67E4300802201 /* Brew Pane.swift in Sources */ = {isa = PBXBuildFile; fileRef = 630D08B829B67E4300802201 /* Brew Pane.swift */; };
		63199FE029980AB9002F50F0 /* Load up Installed Packages.swift in Sources */ = {isa = PBXBuildFile; fileRef = 63199FDF29980AB9002F50F0 /* Load up Installed Packages.swift */; };
		632FD290299591C10029FC49 /* Get Folder Size.swift in Sources */ = {isa = PBXBuildFile; fileRef = 632FD28F299591C10029FC49 /* Get Folder Size.swift */; };
		632FD292299596790029FC49 /* HelpButton.swift in Sources */ = {isa = PBXBuildFile; fileRef = 632FD291299596790029FC49 /* HelpButton.swift */; };
		632FD2952995A3920029FC49 /* Add Tap.swift in Sources */ = {isa = PBXBuildFile; fileRef = 632FD2942995A3920029FC49 /* Add Tap.swift */; };
		632FD2972995A7E50029FC49 /* Nicer Text Editor.swift in Sources */ = {isa = PBXBuildFile; fileRef = 632FD2962995A7E50029FC49 /* Nicer Text Editor.swift */; };
		632FD2992995BF490029FC49 /* Load up Tapped Taps.swift in Sources */ = {isa = PBXBuildFile; fileRef = 632FD2982995BF490029FC49 /* Load up Tapped Taps.swift */; };
		632FD29B2995C1C20029FC49 /* BrewTap.swift in Sources */ = {isa = PBXBuildFile; fileRef = 632FD29A2995C1C20029FC49 /* BrewTap.swift */; };
		6330531929966E9F00F34F94 /* Start Page.swift in Sources */ = {isa = PBXBuildFile; fileRef = 6330531829966E9F00F34F94 /* Start Page.swift */; };
		6330531B2996A16600F34F94 /* GroupBox Headline Group.swift in Sources */ = {isa = PBXBuildFile; fileRef = 6330531A2996A16600F34F94 /* GroupBox Headline Group.swift */; };
		633289E729A68A61004B2930 /* Package Installation Steps.swift in Sources */ = {isa = PBXBuildFile; fileRef = 633289E629A68A61004B2930 /* Package Installation Steps.swift */; };
		633289E929A68A8A004B2930 /* Package Installation Stage.swift in Sources */ = {isa = PBXBuildFile; fileRef = 633289E829A68A8A004B2930 /* Package Installation Stage.swift */; };
		633289ED29A68B1E004B2930 /* Installation Progress Tracker.swift in Sources */ = {isa = PBXBuildFile; fileRef = 633289EC29A68B1E004B2930 /* Installation Progress Tracker.swift */; };
		633289EF29A68B36004B2930 /* Search Result Tracker.swift in Sources */ = {isa = PBXBuildFile; fileRef = 633289EE29A68B36004B2930 /* Search Result Tracker.swift */; };
		633289F129A68CDB004B2930 /* Package in Progress of Being Installed.swift in Sources */ = {isa = PBXBuildFile; fileRef = 633289F029A68CDB004B2930 /* Package in Progress of Being Installed.swift */; };
		633A861C29A525F0006EA952 /* Toggle Sidebar.swift in Sources */ = {isa = PBXBuildFile; fileRef = 633A861B29A525F0006EA952 /* Toggle Sidebar.swift */; };
		633EB30629BE65EB006CB872 /* Custom Search Field.swift in Sources */ = {isa = PBXBuildFile; fileRef = 633EB30529BE65EB006CB872 /* Custom Search Field.swift */; };
		634065652871AA42001A2178 /* CorkApp.swift in Sources */ = {isa = PBXBuildFile; fileRef = 634065642871AA42001A2178 /* CorkApp.swift */; };
		634065672871AA42001A2178 /* ContentView.swift in Sources */ = {isa = PBXBuildFile; fileRef = 634065662871AA42001A2178 /* ContentView.swift */; };
		634065692871AA42001A2178 /* Assets.xcassets in Resources */ = {isa = PBXBuildFile; fileRef = 634065682871AA42001A2178 /* Assets.xcassets */; };
		6340656C2871AA42001A2178 /* Preview Assets.xcassets in Resources */ = {isa = PBXBuildFile; fileRef = 6340656B2871AA42001A2178 /* Preview Assets.xcassets */; };
		634065752871AB22001A2178 /* DavidFoundation in Frameworks */ = {isa = PBXBuildFile; productRef = 634065742871AB22001A2178 /* DavidFoundation */; };
		634065782871AB3A001A2178 /* Shell Interface.swift in Sources */ = {isa = PBXBuildFile; fileRef = 634065772871AB3A001A2178 /* Shell Interface.swift */; };
		6340657A2871AC27001A2178 /* Brew Data Storage.swift in Sources */ = {isa = PBXBuildFile; fileRef = 634065792871AC27001A2178 /* Brew Data Storage.swift */; };
		6340657D2871AC65001A2178 /* Brew Package.swift in Sources */ = {isa = PBXBuildFile; fileRef = 6340657C2871AC65001A2178 /* Brew Package.swift */; };
		6340657F2871AF68001A2178 /* App Constants.swift in Sources */ = {isa = PBXBuildFile; fileRef = 6340657E2871AF68001A2178 /* App Constants.swift */; };
		634065822871B0BE001A2178 /* Get Contents of Folder.swift in Sources */ = {isa = PBXBuildFile; fileRef = 634065812871B0BE001A2178 /* Get Contents of Folder.swift */; };
		6342117829AA500300E2563B /* Check if URL is Symlink.swift in Sources */ = {isa = PBXBuildFile; fileRef = 6342117729AA500300E2563B /* Check if URL is Symlink.swift */; };
		6342117A29AA52B900E2563B /* Delete Cached Downloads.swift in Sources */ = {isa = PBXBuildFile; fileRef = 6342117929AA52B900E2563B /* Delete Cached Downloads.swift */; };
		6342118029AA9CBB00E2563B /* Maintenance Pane.swift in Sources */ = {isa = PBXBuildFile; fileRef = 6342117F29AA9CBB00E2563B /* Maintenance Pane.swift */; };
		6342118329AA9CF100E2563B /* Ready View.swift in Sources */ = {isa = PBXBuildFile; fileRef = 6342118229AA9CF100E2563B /* Ready View.swift */; };
		634838A629C1D69F00D3C692 /* Outdated Package.swift in Sources */ = {isa = PBXBuildFile; fileRef = 634838A529C1D69F00D3C692 /* Outdated Package.swift */; };
		635A50E929B7723C00164FBA /* Get Pin Status.swift in Sources */ = {isa = PBXBuildFile; fileRef = 635A50E829B7723C00164FBA /* Get Pin Status.swift */; };
		635A50EB29B7740000164FBA /* Pin an Unpit Package.swift in Sources */ = {isa = PBXBuildFile; fileRef = 635A50EA29B7740000164FBA /* Pin an Unpit Package.swift */; };
		6360355A29BDF67B00CC0760 /* Update Availability.swift in Sources */ = {isa = PBXBuildFile; fileRef = 6360355929BDF67A00CC0760 /* Update Availability.swift */; };
		63690F7B29C9FBF5008F952C /* Tag Package.swift in Sources */ = {isa = PBXBuildFile; fileRef = 63690F7A29C9FBF5008F952C /* Tag Package.swift */; };
		63690F7D29C9FC0F008F952C /* Save Data do Disk.swift in Sources */ = {isa = PBXBuildFile; fileRef = 63690F7C29C9FC0F008F952C /* Save Data do Disk.swift */; };
		63690F7F29CA013E008F952C /* Untag Package.swift in Sources */ = {isa = PBXBuildFile; fileRef = 63690F7E29CA013E008F952C /* Untag Package.swift */; };
		6371EA1E2871D98100300E1B /* Package List Item.swift in Sources */ = {isa = PBXBuildFile; fileRef = 6371EA1D2871D98100300E1B /* Package List Item.swift */; };
		6371EA212871E0FE00300E1B /* Return Formatted Versions.swift in Sources */ = {isa = PBXBuildFile; fileRef = 6371EA202871E0FE00300E1B /* Return Formatted Versions.swift */; };
		6371EA232871EE5A00300E1B /* Brew Interface.swift in Sources */ = {isa = PBXBuildFile; fileRef = 6371EA222871EE5A00300E1B /* Brew Interface.swift */; };
		637260C029BE388F00E6E81C /* Tap Details.swift in Sources */ = {isa = PBXBuildFile; fileRef = 637260BF29BE388F00E6E81C /* Tap Details.swift */; };
		637260C329BE40FC00E6E81C /* Get Homepage.swift in Sources */ = {isa = PBXBuildFile; fileRef = 637260C229BE40FC00E6E81C /* Get Homepage.swift */; };
		637260C529BE42FB00E6E81C /* Get Official Status.swift in Sources */ = {isa = PBXBuildFile; fileRef = 637260C429BE42FB00E6E81C /* Get Official Status.swift */; };
		637260C729BE466700E6E81C /* Get Formulae.swift in Sources */ = {isa = PBXBuildFile; fileRef = 637260C629BE466700E6E81C /* Get Formulae.swift */; };
		637260C929BE4D8700E6E81C /* Get Casks.swift in Sources */ = {isa = PBXBuildFile; fileRef = 637260C829BE4D8700E6E81C /* Get Casks.swift */; };
		637260CB29BE4F6400E6E81C /* Packages Included in Tap.swift in Sources */ = {isa = PBXBuildFile; fileRef = 637260CA29BE4F6400E6E81C /* Packages Included in Tap.swift */; };
		637402DA299BF878001AB7B1 /* Sidebar View.swift in Sources */ = {isa = PBXBuildFile; fileRef = 637402D9299BF878001AB7B1 /* Sidebar View.swift */; };
		637E00642872F3CE005C9890 /* Upgrade Packages.swift in Sources */ = {isa = PBXBuildFile; fileRef = 637E00632872F3CE005C9890 /* Upgrade Packages.swift */; };
		637E00662872F629005C9890 /* Update Progress Tracker.swift in Sources */ = {isa = PBXBuildFile; fileRef = 637E00652872F629005C9890 /* Update Progress Tracker.swift */; };
		637E006828733C1C005C9890 /* Search for Package by ID.swift in Sources */ = {isa = PBXBuildFile; fileRef = 637E006728733C1C005C9890 /* Search for Package by ID.swift */; };
		637E006B28734041005C9890 /* Install Selected Packages.swift in Sources */ = {isa = PBXBuildFile; fileRef = 637E006A28734041005C9890 /* Install Selected Packages.swift */; };
		637E006E2873419B005C9890 /* Install Progress Tracker.swift in Sources */ = {isa = PBXBuildFile; fileRef = 637E006D2873419B005C9890 /* Install Progress Tracker.swift */; };
		6382C8F9299D6C1D00354B19 /* Package Sorting.swift in Sources */ = {isa = PBXBuildFile; fileRef = 6382C8F8299D6C1D00354B19 /* Package Sorting.swift */; };
		6382C8FB299D6E5D00354B19 /* General Pane.swift in Sources */ = {isa = PBXBuildFile; fileRef = 6382C8FA299D6E5D00354B19 /* General Pane.swift */; };
		6382C8FE299D70F400354B19 /* Sort Alphabetically.swift in Sources */ = {isa = PBXBuildFile; fileRef = 6382C8FD299D70F400354B19 /* Sort Alphabetically.swift */; };
		6382C900299D71A300354B19 /* Sort by Install Date.swift in Sources */ = {isa = PBXBuildFile; fileRef = 6382C8FF299D71A300354B19 /* Sort by Install Date.swift */; };
		6382C908299DA02700354B19 /* Uninstall Orphaned Packages.swift in Sources */ = {isa = PBXBuildFile; fileRef = 6382C907299DA02700354B19 /* Uninstall Orphaned Packages.swift */; };
		6382C90A299DA11F00354B19 /* Purge Brew Cache.swift in Sources */ = {isa = PBXBuildFile; fileRef = 6382C909299DA11F00354B19 /* Purge Brew Cache.swift */; };
		6382C90C299DA46100354B19 /* Perform Brew Health Check.swift in Sources */ = {isa = PBXBuildFile; fileRef = 6382C90B299DA46100354B19 /* Perform Brew Health Check.swift */; };
		639246E529A26BB4008149E2 /* REGEX Match.swift in Sources */ = {isa = PBXBuildFile; fileRef = 639246E429A26BB4008149E2 /* REGEX Match.swift */; };
		639246E729A382B1008149E2 /* Uninstallation Progress Wheel.swift in Sources */ = {isa = PBXBuildFile; fileRef = 639246E629A382B1008149E2 /* Uninstallation Progress Wheel.swift */; };
		63936A4B29AE09D00069C988 /* SwiftyJSON in Frameworks */ = {isa = PBXBuildFile; productRef = 63936A4A29AE09D00069C988 /* SwiftyJSON */; };
		63936A4D29AE6D710069C988 /* Package Caveats.swift in Sources */ = {isa = PBXBuildFile; fileRef = 63936A4C29AE6D710069C988 /* Package Caveats.swift */; };
		63958CFD2877341F00E0B807 /* AppDelegate.swift in Sources */ = {isa = PBXBuildFile; fileRef = 63958CFC2877341F00E0B807 /* AppDelegate.swift */; };
		63958D00287735F800E0B807 /* About View.swift in Sources */ = {isa = PBXBuildFile; fileRef = 63958CFF287735F800E0B807 /* About View.swift */; };
		639A7D832871D08200B50280 /* Install Package.swift in Sources */ = {isa = PBXBuildFile; fileRef = 639A7D822871D08200B50280 /* Install Package.swift */; };
		639A7D862871D78C00B50280 /* Package Details.swift in Sources */ = {isa = PBXBuildFile; fileRef = 639A7D852871D78C00B50280 /* Package Details.swift */; };
		63A38B9329BA0AFD0080158C /* Update Packages.swift in Sources */ = {isa = PBXBuildFile; fileRef = 63A38B9229BA0AFD0080158C /* Update Packages.swift */; };
		63A38B9629BA0B6E0080158C /* Update Packages View.swift in Sources */ = {isa = PBXBuildFile; fileRef = 63A38B9529BA0B6E0080158C /* Update Packages View.swift */; };
		63A38B9829BA0B910080158C /* Package Updating Steps.swift in Sources */ = {isa = PBXBuildFile; fileRef = 63A38B9729BA0B910080158C /* Package Updating Steps.swift */; };
		63A87465298FE7FC009F9533 /* Search for Package.swift in Sources */ = {isa = PBXBuildFile; fileRef = 63A87464298FE7FC009F9533 /* Search for Package.swift */; };
		63A87468298FE811009F9533 /* Package Types.swift in Sources */ = {isa = PBXBuildFile; fileRef = 63A87467298FE811009F9533 /* Package Types.swift */; };
		63A8746A2990127D009F9533 /* PillText.swift in Sources */ = {isa = PBXBuildFile; fileRef = 63A874692990127D009F9533 /* PillText.swift */; };
		63A8746C2990477A009F9533 /* Uninstall Packages.swift in Sources */ = {isa = PBXBuildFile; fileRef = 63A8746B2990477A009F9533 /* Uninstall Packages.swift */; };
		63A8746E29904A7F009F9533 /* App State.swift in Sources */ = {isa = PBXBuildFile; fileRef = 63A8746D29904A7F009F9533 /* App State.swift */; };
		63A8D2F129CA343F00E892FB /* Save Tagged IDs to Disk.swift in Sources */ = {isa = PBXBuildFile; fileRef = 63A8D2F029CA343F00E892FB /* Save Tagged IDs to Disk.swift */; };
		63A8D2F329CA346400E892FB /* Load Tagged IDs from Disk.swift in Sources */ = {isa = PBXBuildFile; fileRef = 63A8D2F229CA346400E892FB /* Load Tagged IDs from Disk.swift */; };
		63A8D2F729CA605200E892FB /* Apply Tags to Package Array.swift in Sources */ = {isa = PBXBuildFile; fileRef = 63A8D2F629CA605200E892FB /* Apply Tags to Package Array.swift */; };
		63A9778529A7D5800091DF2E /* Synchnorize Installed Packages.swift in Sources */ = {isa = PBXBuildFile; fileRef = 63A9778429A7D5800091DF2E /* Synchnorize Installed Packages.swift */; };
		63AC993029A7814700B38D7C /* String - Contains Element in Array.swift in Sources */ = {isa = PBXBuildFile; fileRef = 63AC992F29A7814700B38D7C /* String - Contains Element in Array.swift */; };
		63B8D4F8299E3DAD00AA7CFA /* Sort By Size.swift in Sources */ = {isa = PBXBuildFile; fileRef = 63B8D4F7299E3DAD00AA7CFA /* Sort By Size.swift */; };
		63B8D4FA299E442300AA7CFA /* View - Conditional Modifiers.swift in Sources */ = {isa = PBXBuildFile; fileRef = 63B8D4F9299E442300AA7CFA /* View - Conditional Modifiers.swift */; };
		63C830BC29984B1A002D11BB /* Used Package.swift in Sources */ = {isa = PBXBuildFile; fileRef = 63C830BB29984B1A002D11BB /* Used Package.swift */; };
		63C830BE29984B49002D11BB /* Acknowledged Contributor.swift in Sources */ = {isa = PBXBuildFile; fileRef = 63C830BD29984B49002D11BB /* Acknowledged Contributor.swift */; };
		63C830C129984BA4002D11BB /* Button That Opens Websites.swift in Sources */ = {isa = PBXBuildFile; fileRef = 63C830C029984BA4002D11BB /* Button That Opens Websites.swift */; };
		63CD0276288B22D9004AE2EC /* View - New Windows.swift in Sources */ = {isa = PBXBuildFile; fileRef = 63CD0275288B22D9004AE2EC /* View - New Windows.swift */; };
		63D2B0882997F5340084E223 /* Load up Formulae.swift in Sources */ = {isa = PBXBuildFile; fileRef = 63D2B0872997F5340084E223 /* Load up Formulae.swift */; };
		63D2B08A2997F53C0084E223 /* Load up Casks.swift in Sources */ = {isa = PBXBuildFile; fileRef = 63D2B0892997F53C0084E223 /* Load up Casks.swift */; };
		63D51F65299A992900203F3F /* Settings View.swift in Sources */ = {isa = PBXBuildFile; fileRef = 63D51F64299A992900203F3F /* Settings View.swift */; };
		63D51F68299A9A6000203F3F /* Installation Pane.swift in Sources */ = {isa = PBXBuildFile; fileRef = 63D51F67299A9A6000203F3F /* Installation Pane.swift */; };
		63D51F6B299A9AC500203F3F /* Settings Pane Template.swift in Sources */ = {isa = PBXBuildFile; fileRef = 63D51F6A299A9AC500203F3F /* Settings Pane Template.swift */; };
		63D51F6E299AAFE500203F3F /* Maintenance View.swift in Sources */ = {isa = PBXBuildFile; fileRef = 63D51F6D299AAFE500203F3F /* Maintenance View.swift */; };
		63D51F71299AEE5100203F3F /* Complex with Icon.swift in Sources */ = {isa = PBXBuildFile; fileRef = 63D51F70299AEE5100203F3F /* Complex with Icon.swift */; };
		63D830FC29990DD600FA802F /* Terminal Output.swift in Sources */ = {isa = PBXBuildFile; fileRef = 63D830FB29990DD600FA802F /* Terminal Output.swift */; };
		63D83101299927C800FA802F /* Disappearable Sheet.swift in Sources */ = {isa = PBXBuildFile; fileRef = 63D83100299927C800FA802F /* Disappearable Sheet.swift */; };
		63D83103299928B400FA802F /* Headline with Subheadline.swift in Sources */ = {isa = PBXBuildFile; fileRef = 63D83102299928B400FA802F /* Headline with Subheadline.swift */; };
		63D831052999331D00FA802F /* Sheet with Title.swift in Sources */ = {isa = PBXBuildFile; fileRef = 63D831042999331D00FA802F /* Sheet with Title.swift */; };
		63D83107299935E900FA802F /* Dismiss Sheet Button.swift in Sources */ = {isa = PBXBuildFile; fileRef = 63D83106299935E900FA802F /* Dismiss Sheet Button.swift */; };
		63D8310A299982EA00FA802F /* Search Result Row.swift in Sources */ = {isa = PBXBuildFile; fileRef = 63D83109299982EA00FA802F /* Search Result Row.swift */; };
		63D86EB229C0972A00AD64D2 /* Package Search Token.swift in Sources */ = {isa = PBXBuildFile; fileRef = 63D86EB129C0972A00AD64D2 /* Package Search Token.swift */; };
		63D8C957287A1D0800483A52 /* Loading View.swift in Sources */ = {isa = PBXBuildFile; fileRef = 63D8C956287A1D0800483A52 /* Loading View.swift */; };
		63E41C2F29C50A480084E266 /* Package Updating Stages.swift in Sources */ = {isa = PBXBuildFile; fileRef = 6360355729BDE7BF00CC0760 /* Package Updating Stages.swift */; };
		63E41C3129C527C20084E266 /* Array - Get Second to Last Element.swift in Sources */ = {isa = PBXBuildFile; fileRef = 63E41C3029C527C20084E266 /* Array - Get Second to Last Element.swift */; };
		63FFEF4E29CB5D9400D6FFC4 /* Restart App.swift in Sources */ = {isa = PBXBuildFile; fileRef = 63FFEF4D29CB5D9400D6FFC4 /* Restart App.swift */; };
		63FFEF5029CB5EEE00D6FFC4 /* Fatal Alert Types.swift in Sources */ = {isa = PBXBuildFile; fileRef = 63FFEF4F29CB5EEE00D6FFC4 /* Fatal Alert Types.swift */; };
		96B86AF529C6561E00844DF4 /* Localizable.strings in Resources */ = {isa = PBXBuildFile; fileRef = 96B86AF729C6561E00844DF4 /* Localizable.strings */; };
		96B86AFD29C66E6D00844DF4 /* Localizable.stringsdict in Resources */ = {isa = PBXBuildFile; fileRef = 96B86AFF29C66E6D00844DF4 /* Localizable.stringsdict */; };
/* End PBXBuildFile section */

/* Begin PBXFileReference section */
		63006DFA29AB692B00243E29 /* DisclosureGroup - No Padding.swift */ = {isa = PBXFileReference; lastKnownFileType = sourcecode.swift; path = "DisclosureGroup - No Padding.swift"; sourceTree = "<group>"; };
		63006DFF29AC073D00243E29 /* Parse JSON.swift */ = {isa = PBXFileReference; lastKnownFileType = sourcecode.swift; path = "Parse JSON.swift"; sourceTree = "<group>"; };
		63006E0529ACC56800243E29 /* Get Package Description.swift */ = {isa = PBXFileReference; lastKnownFileType = sourcecode.swift; path = "Get Package Description.swift"; sourceTree = "<group>"; };
		63006E0729ACC60F00243E29 /* Get Package Homepage.swift */ = {isa = PBXFileReference; lastKnownFileType = sourcecode.swift; path = "Get Package Homepage.swift"; sourceTree = "<group>"; };
		63006E0929ACC6AC00243E29 /* Get Package Dependencies.swift */ = {isa = PBXFileReference; lastKnownFileType = sourcecode.swift; path = "Get Package Dependencies.swift"; sourceTree = "<group>"; };
		63006E0C29ACC78400243E29 /* Package Dependency.swift */ = {isa = PBXFileReference; lastKnownFileType = sourcecode.swift; path = "Package Dependency.swift"; sourceTree = "<group>"; };
		63006E0E29ACCBA400243E29 /* Get Package Tap.swift */ = {isa = PBXFileReference; lastKnownFileType = sourcecode.swift; path = "Get Package Tap.swift"; sourceTree = "<group>"; };
		63006E1029ACCCB800243E29 /* Get If Package Was Installed as Dependency.swift */ = {isa = PBXFileReference; lastKnownFileType = sourcecode.swift; path = "Get If Package Was Installed as Dependency.swift"; sourceTree = "<group>"; };
		63006E1229ACCE2600243E29 /* Get If Package Is Outdated.swift */ = {isa = PBXFileReference; lastKnownFileType = sourcecode.swift; path = "Get If Package Is Outdated.swift"; sourceTree = "<group>"; };
		63006E1629AD143D00243E29 /* Dependency List.swift */ = {isa = PBXFileReference; lastKnownFileType = sourcecode.swift; path = "Dependency List.swift"; sourceTree = "<group>"; };
		63006E1829AD215000243E29 /* Get Caveats.swift */ = {isa = PBXFileReference; lastKnownFileType = sourcecode.swift; path = "Get Caveats.swift"; sourceTree = "<group>"; };
		630D08B829B67E4300802201 /* Brew Pane.swift */ = {isa = PBXFileReference; lastKnownFileType = sourcecode.swift; path = "Brew Pane.swift"; sourceTree = "<group>"; };
		63199FDF29980AB9002F50F0 /* Load up Installed Packages.swift */ = {isa = PBXFileReference; lastKnownFileType = sourcecode.swift; path = "Load up Installed Packages.swift"; sourceTree = "<group>"; };
		632FD28F299591C10029FC49 /* Get Folder Size.swift */ = {isa = PBXFileReference; lastKnownFileType = sourcecode.swift; path = "Get Folder Size.swift"; sourceTree = "<group>"; };
		632FD291299596790029FC49 /* HelpButton.swift */ = {isa = PBXFileReference; lastKnownFileType = sourcecode.swift; path = HelpButton.swift; sourceTree = "<group>"; };
		632FD2942995A3920029FC49 /* Add Tap.swift */ = {isa = PBXFileReference; lastKnownFileType = sourcecode.swift; path = "Add Tap.swift"; sourceTree = "<group>"; };
		632FD2962995A7E50029FC49 /* Nicer Text Editor.swift */ = {isa = PBXFileReference; lastKnownFileType = sourcecode.swift; path = "Nicer Text Editor.swift"; sourceTree = "<group>"; };
		632FD2982995BF490029FC49 /* Load up Tapped Taps.swift */ = {isa = PBXFileReference; lastKnownFileType = sourcecode.swift; path = "Load up Tapped Taps.swift"; sourceTree = "<group>"; };
		632FD29A2995C1C20029FC49 /* BrewTap.swift */ = {isa = PBXFileReference; lastKnownFileType = sourcecode.swift; path = BrewTap.swift; sourceTree = "<group>"; };
		6330531829966E9F00F34F94 /* Start Page.swift */ = {isa = PBXFileReference; lastKnownFileType = sourcecode.swift; path = "Start Page.swift"; sourceTree = "<group>"; };
		6330531A2996A16600F34F94 /* GroupBox Headline Group.swift */ = {isa = PBXFileReference; lastKnownFileType = sourcecode.swift; path = "GroupBox Headline Group.swift"; sourceTree = "<group>"; };
		633289E629A68A61004B2930 /* Package Installation Steps.swift */ = {isa = PBXFileReference; lastKnownFileType = sourcecode.swift; path = "Package Installation Steps.swift"; sourceTree = "<group>"; };
		633289E829A68A8A004B2930 /* Package Installation Stage.swift */ = {isa = PBXFileReference; lastKnownFileType = sourcecode.swift; path = "Package Installation Stage.swift"; sourceTree = "<group>"; };
		633289EC29A68B1E004B2930 /* Installation Progress Tracker.swift */ = {isa = PBXFileReference; lastKnownFileType = sourcecode.swift; path = "Installation Progress Tracker.swift"; sourceTree = "<group>"; };
		633289EE29A68B36004B2930 /* Search Result Tracker.swift */ = {isa = PBXFileReference; lastKnownFileType = sourcecode.swift; path = "Search Result Tracker.swift"; sourceTree = "<group>"; };
		633289F029A68CDB004B2930 /* Package in Progress of Being Installed.swift */ = {isa = PBXFileReference; lastKnownFileType = sourcecode.swift; path = "Package in Progress of Being Installed.swift"; sourceTree = "<group>"; };
		633A861B29A525F0006EA952 /* Toggle Sidebar.swift */ = {isa = PBXFileReference; lastKnownFileType = sourcecode.swift; path = "Toggle Sidebar.swift"; sourceTree = "<group>"; };
		633EB30529BE65EB006CB872 /* Custom Search Field.swift */ = {isa = PBXFileReference; lastKnownFileType = sourcecode.swift; path = "Custom Search Field.swift"; sourceTree = "<group>"; };
		634065612871AA42001A2178 /* Cork.app */ = {isa = PBXFileReference; explicitFileType = wrapper.application; includeInIndex = 0; path = Cork.app; sourceTree = BUILT_PRODUCTS_DIR; };
		634065642871AA42001A2178 /* CorkApp.swift */ = {isa = PBXFileReference; lastKnownFileType = sourcecode.swift; path = CorkApp.swift; sourceTree = "<group>"; };
		634065662871AA42001A2178 /* ContentView.swift */ = {isa = PBXFileReference; lastKnownFileType = sourcecode.swift; path = ContentView.swift; sourceTree = "<group>"; };
		634065682871AA42001A2178 /* Assets.xcassets */ = {isa = PBXFileReference; lastKnownFileType = folder.assetcatalog; path = Assets.xcassets; sourceTree = "<group>"; };
		6340656B2871AA42001A2178 /* Preview Assets.xcassets */ = {isa = PBXFileReference; lastKnownFileType = folder.assetcatalog; path = "Preview Assets.xcassets"; sourceTree = "<group>"; };
		6340656D2871AA42001A2178 /* Cork.entitlements */ = {isa = PBXFileReference; lastKnownFileType = text.plist.entitlements; path = Cork.entitlements; sourceTree = "<group>"; };
		634065772871AB3A001A2178 /* Shell Interface.swift */ = {isa = PBXFileReference; lastKnownFileType = sourcecode.swift; path = "Shell Interface.swift"; sourceTree = "<group>"; };
		634065792871AC27001A2178 /* Brew Data Storage.swift */ = {isa = PBXFileReference; lastKnownFileType = sourcecode.swift; path = "Brew Data Storage.swift"; sourceTree = "<group>"; };
		6340657C2871AC65001A2178 /* Brew Package.swift */ = {isa = PBXFileReference; lastKnownFileType = sourcecode.swift; path = "Brew Package.swift"; sourceTree = "<group>"; };
		6340657E2871AF68001A2178 /* App Constants.swift */ = {isa = PBXFileReference; lastKnownFileType = sourcecode.swift; path = "App Constants.swift"; sourceTree = "<group>"; };
		634065812871B0BE001A2178 /* Get Contents of Folder.swift */ = {isa = PBXFileReference; lastKnownFileType = sourcecode.swift; path = "Get Contents of Folder.swift"; sourceTree = "<group>"; };
		6342117729AA500300E2563B /* Check if URL is Symlink.swift */ = {isa = PBXFileReference; lastKnownFileType = sourcecode.swift; path = "Check if URL is Symlink.swift"; sourceTree = "<group>"; };
		6342117929AA52B900E2563B /* Delete Cached Downloads.swift */ = {isa = PBXFileReference; lastKnownFileType = sourcecode.swift; path = "Delete Cached Downloads.swift"; sourceTree = "<group>"; };
		6342117F29AA9CBB00E2563B /* Maintenance Pane.swift */ = {isa = PBXFileReference; lastKnownFileType = sourcecode.swift; path = "Maintenance Pane.swift"; sourceTree = "<group>"; };
		6342118229AA9CF100E2563B /* Ready View.swift */ = {isa = PBXFileReference; lastKnownFileType = sourcecode.swift; path = "Ready View.swift"; sourceTree = "<group>"; };
		634838A529C1D69F00D3C692 /* Outdated Package.swift */ = {isa = PBXFileReference; lastKnownFileType = sourcecode.swift; path = "Outdated Package.swift"; sourceTree = "<group>"; };
		635A50E829B7723C00164FBA /* Get Pin Status.swift */ = {isa = PBXFileReference; lastKnownFileType = sourcecode.swift; path = "Get Pin Status.swift"; sourceTree = "<group>"; };
		635A50EA29B7740000164FBA /* Pin an Unpit Package.swift */ = {isa = PBXFileReference; lastKnownFileType = sourcecode.swift; path = "Pin an Unpit Package.swift"; sourceTree = "<group>"; };
		6360355729BDE7BF00CC0760 /* Package Updating Stages.swift */ = {isa = PBXFileReference; lastKnownFileType = sourcecode.swift; path = "Package Updating Stages.swift"; sourceTree = "<group>"; };
		6360355929BDF67A00CC0760 /* Update Availability.swift */ = {isa = PBXFileReference; lastKnownFileType = sourcecode.swift; path = "Update Availability.swift"; sourceTree = "<group>"; };
		63690F7A29C9FBF5008F952C /* Tag Package.swift */ = {isa = PBXFileReference; lastKnownFileType = sourcecode.swift; path = "Tag Package.swift"; sourceTree = "<group>"; };
		63690F7C29C9FC0F008F952C /* Save Data do Disk.swift */ = {isa = PBXFileReference; lastKnownFileType = sourcecode.swift; path = "Save Data do Disk.swift"; sourceTree = "<group>"; };
		63690F7E29CA013E008F952C /* Untag Package.swift */ = {isa = PBXFileReference; lastKnownFileType = sourcecode.swift; path = "Untag Package.swift"; sourceTree = "<group>"; };
		6371EA1D2871D98100300E1B /* Package List Item.swift */ = {isa = PBXFileReference; lastKnownFileType = sourcecode.swift; path = "Package List Item.swift"; sourceTree = "<group>"; };
		6371EA202871E0FE00300E1B /* Return Formatted Versions.swift */ = {isa = PBXFileReference; lastKnownFileType = sourcecode.swift; path = "Return Formatted Versions.swift"; sourceTree = "<group>"; };
		6371EA222871EE5A00300E1B /* Brew Interface.swift */ = {isa = PBXFileReference; lastKnownFileType = sourcecode.swift; path = "Brew Interface.swift"; sourceTree = "<group>"; };
		637260BF29BE388F00E6E81C /* Tap Details.swift */ = {isa = PBXFileReference; lastKnownFileType = sourcecode.swift; path = "Tap Details.swift"; sourceTree = "<group>"; };
		637260C229BE40FC00E6E81C /* Get Homepage.swift */ = {isa = PBXFileReference; lastKnownFileType = sourcecode.swift; path = "Get Homepage.swift"; sourceTree = "<group>"; };
		637260C429BE42FB00E6E81C /* Get Official Status.swift */ = {isa = PBXFileReference; lastKnownFileType = sourcecode.swift; path = "Get Official Status.swift"; sourceTree = "<group>"; };
		637260C629BE466700E6E81C /* Get Formulae.swift */ = {isa = PBXFileReference; lastKnownFileType = sourcecode.swift; path = "Get Formulae.swift"; sourceTree = "<group>"; };
		637260C829BE4D8700E6E81C /* Get Casks.swift */ = {isa = PBXFileReference; lastKnownFileType = sourcecode.swift; path = "Get Casks.swift"; sourceTree = "<group>"; };
		637260CA29BE4F6400E6E81C /* Packages Included in Tap.swift */ = {isa = PBXFileReference; lastKnownFileType = sourcecode.swift; path = "Packages Included in Tap.swift"; sourceTree = "<group>"; };
		637402D9299BF878001AB7B1 /* Sidebar View.swift */ = {isa = PBXFileReference; lastKnownFileType = sourcecode.swift; path = "Sidebar View.swift"; sourceTree = "<group>"; };
		637E00632872F3CE005C9890 /* Upgrade Packages.swift */ = {isa = PBXFileReference; lastKnownFileType = sourcecode.swift; path = "Upgrade Packages.swift"; sourceTree = "<group>"; };
		637E00652872F629005C9890 /* Update Progress Tracker.swift */ = {isa = PBXFileReference; lastKnownFileType = sourcecode.swift; path = "Update Progress Tracker.swift"; sourceTree = "<group>"; };
		637E006728733C1C005C9890 /* Search for Package by ID.swift */ = {isa = PBXFileReference; lastKnownFileType = sourcecode.swift; path = "Search for Package by ID.swift"; sourceTree = "<group>"; };
		637E006A28734041005C9890 /* Install Selected Packages.swift */ = {isa = PBXFileReference; lastKnownFileType = sourcecode.swift; path = "Install Selected Packages.swift"; sourceTree = "<group>"; };
		637E006D2873419B005C9890 /* Install Progress Tracker.swift */ = {isa = PBXFileReference; lastKnownFileType = sourcecode.swift; path = "Install Progress Tracker.swift"; sourceTree = "<group>"; };
		6382C8F8299D6C1D00354B19 /* Package Sorting.swift */ = {isa = PBXFileReference; lastKnownFileType = sourcecode.swift; path = "Package Sorting.swift"; sourceTree = "<group>"; };
		6382C8FA299D6E5D00354B19 /* General Pane.swift */ = {isa = PBXFileReference; lastKnownFileType = sourcecode.swift; path = "General Pane.swift"; sourceTree = "<group>"; };
		6382C8FD299D70F400354B19 /* Sort Alphabetically.swift */ = {isa = PBXFileReference; lastKnownFileType = sourcecode.swift; path = "Sort Alphabetically.swift"; sourceTree = "<group>"; };
		6382C8FF299D71A300354B19 /* Sort by Install Date.swift */ = {isa = PBXFileReference; lastKnownFileType = sourcecode.swift; path = "Sort by Install Date.swift"; sourceTree = "<group>"; };
		6382C907299DA02700354B19 /* Uninstall Orphaned Packages.swift */ = {isa = PBXFileReference; lastKnownFileType = sourcecode.swift; path = "Uninstall Orphaned Packages.swift"; sourceTree = "<group>"; };
		6382C909299DA11F00354B19 /* Purge Brew Cache.swift */ = {isa = PBXFileReference; lastKnownFileType = sourcecode.swift; path = "Purge Brew Cache.swift"; sourceTree = "<group>"; };
		6382C90B299DA46100354B19 /* Perform Brew Health Check.swift */ = {isa = PBXFileReference; lastKnownFileType = sourcecode.swift; path = "Perform Brew Health Check.swift"; sourceTree = "<group>"; };
		639246E429A26BB4008149E2 /* REGEX Match.swift */ = {isa = PBXFileReference; lastKnownFileType = sourcecode.swift; path = "REGEX Match.swift"; sourceTree = "<group>"; };
		639246E629A382B1008149E2 /* Uninstallation Progress Wheel.swift */ = {isa = PBXFileReference; lastKnownFileType = sourcecode.swift; path = "Uninstallation Progress Wheel.swift"; sourceTree = "<group>"; };
		63936A4C29AE6D710069C988 /* Package Caveats.swift */ = {isa = PBXFileReference; lastKnownFileType = sourcecode.swift; path = "Package Caveats.swift"; sourceTree = "<group>"; };
		63958CFC2877341F00E0B807 /* AppDelegate.swift */ = {isa = PBXFileReference; lastKnownFileType = sourcecode.swift; path = AppDelegate.swift; sourceTree = "<group>"; };
		63958CFF287735F800E0B807 /* About View.swift */ = {isa = PBXFileReference; lastKnownFileType = sourcecode.swift; path = "About View.swift"; sourceTree = "<group>"; };
		639A7D822871D08200B50280 /* Install Package.swift */ = {isa = PBXFileReference; lastKnownFileType = sourcecode.swift; path = "Install Package.swift"; sourceTree = "<group>"; };
		639A7D852871D78C00B50280 /* Package Details.swift */ = {isa = PBXFileReference; lastKnownFileType = sourcecode.swift; path = "Package Details.swift"; sourceTree = "<group>"; };
		63A38B9229BA0AFD0080158C /* Update Packages.swift */ = {isa = PBXFileReference; lastKnownFileType = sourcecode.swift; path = "Update Packages.swift"; sourceTree = "<group>"; };
		63A38B9529BA0B6E0080158C /* Update Packages View.swift */ = {isa = PBXFileReference; lastKnownFileType = sourcecode.swift; path = "Update Packages View.swift"; sourceTree = "<group>"; };
		63A38B9729BA0B910080158C /* Package Updating Steps.swift */ = {isa = PBXFileReference; lastKnownFileType = sourcecode.swift; path = "Package Updating Steps.swift"; sourceTree = "<group>"; };
		63A87464298FE7FC009F9533 /* Search for Package.swift */ = {isa = PBXFileReference; lastKnownFileType = sourcecode.swift; path = "Search for Package.swift"; sourceTree = "<group>"; };
		63A87467298FE811009F9533 /* Package Types.swift */ = {isa = PBXFileReference; lastKnownFileType = sourcecode.swift; path = "Package Types.swift"; sourceTree = "<group>"; };
		63A874692990127D009F9533 /* PillText.swift */ = {isa = PBXFileReference; lastKnownFileType = sourcecode.swift; path = PillText.swift; sourceTree = "<group>"; };
		63A8746B2990477A009F9533 /* Uninstall Packages.swift */ = {isa = PBXFileReference; lastKnownFileType = sourcecode.swift; path = "Uninstall Packages.swift"; sourceTree = "<group>"; };
		63A8746D29904A7F009F9533 /* App State.swift */ = {isa = PBXFileReference; lastKnownFileType = sourcecode.swift; path = "App State.swift"; sourceTree = "<group>"; };
		63A8D2F029CA343F00E892FB /* Save Tagged IDs to Disk.swift */ = {isa = PBXFileReference; lastKnownFileType = sourcecode.swift; path = "Save Tagged IDs to Disk.swift"; sourceTree = "<group>"; };
		63A8D2F229CA346400E892FB /* Load Tagged IDs from Disk.swift */ = {isa = PBXFileReference; lastKnownFileType = sourcecode.swift; path = "Load Tagged IDs from Disk.swift"; sourceTree = "<group>"; };
		63A8D2F629CA605200E892FB /* Apply Tags to Package Array.swift */ = {isa = PBXFileReference; lastKnownFileType = sourcecode.swift; path = "Apply Tags to Package Array.swift"; sourceTree = "<group>"; };
		63A9778429A7D5800091DF2E /* Synchnorize Installed Packages.swift */ = {isa = PBXFileReference; lastKnownFileType = sourcecode.swift; path = "Synchnorize Installed Packages.swift"; sourceTree = "<group>"; };
		63AC992F29A7814700B38D7C /* String - Contains Element in Array.swift */ = {isa = PBXFileReference; lastKnownFileType = sourcecode.swift; path = "String - Contains Element in Array.swift"; sourceTree = "<group>"; };
		63B8D4F7299E3DAD00AA7CFA /* Sort By Size.swift */ = {isa = PBXFileReference; lastKnownFileType = sourcecode.swift; path = "Sort By Size.swift"; sourceTree = "<group>"; };
		63B8D4F9299E442300AA7CFA /* View - Conditional Modifiers.swift */ = {isa = PBXFileReference; lastKnownFileType = sourcecode.swift; path = "View - Conditional Modifiers.swift"; sourceTree = "<group>"; };
		63C830BB29984B1A002D11BB /* Used Package.swift */ = {isa = PBXFileReference; lastKnownFileType = sourcecode.swift; path = "Used Package.swift"; sourceTree = "<group>"; };
		63C830BD29984B49002D11BB /* Acknowledged Contributor.swift */ = {isa = PBXFileReference; lastKnownFileType = sourcecode.swift; path = "Acknowledged Contributor.swift"; sourceTree = "<group>"; };
		63C830C029984BA4002D11BB /* Button That Opens Websites.swift */ = {isa = PBXFileReference; lastKnownFileType = sourcecode.swift; path = "Button That Opens Websites.swift"; sourceTree = "<group>"; };
		63CD0275288B22D9004AE2EC /* View - New Windows.swift */ = {isa = PBXFileReference; lastKnownFileType = sourcecode.swift; path = "View - New Windows.swift"; sourceTree = "<group>"; };
		63D2B0872997F5340084E223 /* Load up Formulae.swift */ = {isa = PBXFileReference; lastKnownFileType = sourcecode.swift; path = "Load up Formulae.swift"; sourceTree = "<group>"; };
		63D2B0892997F53C0084E223 /* Load up Casks.swift */ = {isa = PBXFileReference; lastKnownFileType = sourcecode.swift; path = "Load up Casks.swift"; sourceTree = "<group>"; };
		63D51F64299A992900203F3F /* Settings View.swift */ = {isa = PBXFileReference; lastKnownFileType = sourcecode.swift; path = "Settings View.swift"; sourceTree = "<group>"; };
		63D51F67299A9A6000203F3F /* Installation Pane.swift */ = {isa = PBXFileReference; lastKnownFileType = sourcecode.swift; path = "Installation Pane.swift"; sourceTree = "<group>"; };
		63D51F6A299A9AC500203F3F /* Settings Pane Template.swift */ = {isa = PBXFileReference; lastKnownFileType = sourcecode.swift; path = "Settings Pane Template.swift"; sourceTree = "<group>"; };
		63D51F6D299AAFE500203F3F /* Maintenance View.swift */ = {isa = PBXFileReference; lastKnownFileType = sourcecode.swift; path = "Maintenance View.swift"; sourceTree = "<group>"; };
		63D51F70299AEE5100203F3F /* Complex with Icon.swift */ = {isa = PBXFileReference; lastKnownFileType = sourcecode.swift; path = "Complex with Icon.swift"; sourceTree = "<group>"; };
		63D830FB29990DD600FA802F /* Terminal Output.swift */ = {isa = PBXFileReference; lastKnownFileType = sourcecode.swift; path = "Terminal Output.swift"; sourceTree = "<group>"; };
		63D83100299927C800FA802F /* Disappearable Sheet.swift */ = {isa = PBXFileReference; lastKnownFileType = sourcecode.swift; path = "Disappearable Sheet.swift"; sourceTree = "<group>"; };
		63D83102299928B400FA802F /* Headline with Subheadline.swift */ = {isa = PBXFileReference; lastKnownFileType = sourcecode.swift; path = "Headline with Subheadline.swift"; sourceTree = "<group>"; };
		63D831042999331D00FA802F /* Sheet with Title.swift */ = {isa = PBXFileReference; lastKnownFileType = sourcecode.swift; path = "Sheet with Title.swift"; sourceTree = "<group>"; };
		63D83106299935E900FA802F /* Dismiss Sheet Button.swift */ = {isa = PBXFileReference; lastKnownFileType = sourcecode.swift; path = "Dismiss Sheet Button.swift"; sourceTree = "<group>"; };
		63D83109299982EA00FA802F /* Search Result Row.swift */ = {isa = PBXFileReference; lastKnownFileType = sourcecode.swift; path = "Search Result Row.swift"; sourceTree = "<group>"; };
		63D86EB129C0972A00AD64D2 /* Package Search Token.swift */ = {isa = PBXFileReference; lastKnownFileType = sourcecode.swift; path = "Package Search Token.swift"; sourceTree = "<group>"; };
		63D8C956287A1D0800483A52 /* Loading View.swift */ = {isa = PBXFileReference; lastKnownFileType = sourcecode.swift; path = "Loading View.swift"; sourceTree = "<group>"; };
		63E41C3029C527C20084E266 /* Array - Get Second to Last Element.swift */ = {isa = PBXFileReference; lastKnownFileType = sourcecode.swift; path = "Array - Get Second to Last Element.swift"; sourceTree = "<group>"; };
		63FFEF4D29CB5D9400D6FFC4 /* Restart App.swift */ = {isa = PBXFileReference; lastKnownFileType = sourcecode.swift; path = "Restart App.swift"; sourceTree = "<group>"; };
		63FFEF4F29CB5EEE00D6FFC4 /* Fatal Alert Types.swift */ = {isa = PBXFileReference; lastKnownFileType = sourcecode.swift; path = "Fatal Alert Types.swift"; sourceTree = "<group>"; };
		96B86AF629C6561E00844DF4 /* en */ = {isa = PBXFileReference; lastKnownFileType = text.plist.strings; name = en; path = en.lproj/Localizable.strings; sourceTree = "<group>"; };
		96B86AFE29C66E6D00844DF4 /* en */ = {isa = PBXFileReference; lastKnownFileType = text.plist.stringsdict; name = en; path = en.lproj/Localizable.stringsdict; sourceTree = "<group>"; };
		B0376A5729D26097009C7E6B /* zh-Hant */ = {isa = PBXFileReference; lastKnownFileType = text.plist.strings; name = "zh-Hant"; path = "zh-Hant.lproj/Localizable.strings"; sourceTree = "<group>"; };
		B0376A5829D26097009C7E6B /* zh-Hant */ = {isa = PBXFileReference; lastKnownFileType = text.plist.stringsdict; name = "zh-Hant"; path = "zh-Hant.lproj/Localizable.stringsdict"; sourceTree = "<group>"; };
		C4F430F329C93B500070489B /* zh-Hans */ = {isa = PBXFileReference; lastKnownFileType = text.plist.strings; name = "zh-Hans"; path = "zh-Hans.lproj/Localizable.strings"; sourceTree = "<group>"; };
		C4F430F429C93B500070489B /* zh-Hans */ = {isa = PBXFileReference; lastKnownFileType = text.plist.stringsdict; name = "zh-Hans"; path = "zh-Hans.lproj/Localizable.stringsdict"; sourceTree = "<group>"; };
/* End PBXFileReference section */

/* Begin PBXFrameworksBuildPhase section */
		6340655E2871AA42001A2178 /* Frameworks */ = {
			isa = PBXFrameworksBuildPhase;
			buildActionMask = 2147483647;
			files = (
				63936A4B29AE09D00069C988 /* SwiftyJSON in Frameworks */,
				634065752871AB22001A2178 /* DavidFoundation in Frameworks */,
			);
			runOnlyForDeploymentPostprocessing = 0;
		};
/* End PBXFrameworksBuildPhase section */

/* Begin PBXGroup section */
		63006DF929AB691B00243E29 /* Styles */ = {
			isa = PBXGroup;
			children = (
				63006DFA29AB692B00243E29 /* DisclosureGroup - No Padding.swift */,
			);
			path = Styles;
			sourceTree = "<group>";
		};
		63006E0329ACC54900243E29 /* JSON */ = {
			isa = PBXGroup;
			children = (
				637260C129BE401C00E6E81C /* Get Various Tap Info from JSON */,
				63006E0429ACC55400243E29 /* Get Various Package Info From JSON */,
				63006DFF29AC073D00243E29 /* Parse JSON.swift */,
			);
			path = JSON;
			sourceTree = "<group>";
		};
		63006E0429ACC55400243E29 /* Get Various Package Info From JSON */ = {
			isa = PBXGroup;
			children = (
				63006E0529ACC56800243E29 /* Get Package Description.swift */,
				63006E0729ACC60F00243E29 /* Get Package Homepage.swift */,
				63006E0929ACC6AC00243E29 /* Get Package Dependencies.swift */,
				63006E0E29ACCBA400243E29 /* Get Package Tap.swift */,
				63006E1029ACCCB800243E29 /* Get If Package Was Installed as Dependency.swift */,
				63006E1229ACCE2600243E29 /* Get If Package Is Outdated.swift */,
				63006E1829AD215000243E29 /* Get Caveats.swift */,
				635A50E829B7723C00164FBA /* Get Pin Status.swift */,
			);
			path = "Get Various Package Info From JSON";
			sourceTree = "<group>";
		};
		63006E0B29ACC76F00243E29 /* Packages */ = {
			isa = PBXGroup;
			children = (
				6340657C2871AC65001A2178 /* Brew Package.swift */,
				63006E0C29ACC78400243E29 /* Package Dependency.swift */,
			);
			path = Packages;
			sourceTree = "<group>";
		};
		63006E1429AD142000243E29 /* Package Details */ = {
			isa = PBXGroup;
			children = (
				63006E1529AD142B00243E29 /* Sub-Views */,
				639A7D852871D78C00B50280 /* Package Details.swift */,
			);
			path = "Package Details";
			sourceTree = "<group>";
		};
		63006E1529AD142B00243E29 /* Sub-Views */ = {
			isa = PBXGroup;
			children = (
				63006E1629AD143D00243E29 /* Dependency List.swift */,
			);
			path = "Sub-Views";
			sourceTree = "<group>";
		};
		632FD2932995A3870029FC49 /* Taps */ = {
			isa = PBXGroup;
			children = (
				637260BE29BE387C00E6E81C /* Tap Details */,
				632FD2942995A3920029FC49 /* Add Tap.swift */,
			);
			path = Taps;
			sourceTree = "<group>";
		};
		6330531729966E9200F34F94 /* Start Page */ = {
			isa = PBXGroup;
			children = (
				6330531829966E9F00F34F94 /* Start Page.swift */,
			);
			path = "Start Page";
			sourceTree = "<group>";
		};
		633289EB29A68B09004B2930 /* Package Installation */ = {
			isa = PBXGroup;
			children = (
				633289EC29A68B1E004B2930 /* Installation Progress Tracker.swift */,
				633289F029A68CDB004B2930 /* Package in Progress of Being Installed.swift */,
			);
			path = "Package Installation";
			sourceTree = "<group>";
		};
		634065582871AA42001A2178 = {
			isa = PBXGroup;
			children = (
				634065632871AA42001A2178 /* Cork */,
				634065622871AA42001A2178 /* Products */,
			);
			sourceTree = "<group>";
		};
		634065622871AA42001A2178 /* Products */ = {
			isa = PBXGroup;
			children = (
				634065612871AA42001A2178 /* Cork.app */,
			);
			name = Products;
			sourceTree = "<group>";
		};
		634065632871AA42001A2178 /* Cork */ = {
			isa = PBXGroup;
			children = (
				63006DF929AB691B00243E29 /* Styles */,
				63A87466298FE808009F9533 /* Enums */,
				63CD0274288B22C8004AE2EC /* Extensions */,
				639A7D812871D07800B50280 /* Views */,
				6340657B2871AC4F001A2178 /* Models */,
				634065762871AB2A001A2178 /* Logic */,
				634065642871AA42001A2178 /* CorkApp.swift */,
				634065662871AA42001A2178 /* ContentView.swift */,
				634065682871AA42001A2178 /* Assets.xcassets */,
				6340656D2871AA42001A2178 /* Cork.entitlements */,
				6340656A2871AA42001A2178 /* Preview Content */,
				6340657E2871AF68001A2178 /* App Constants.swift */,
				63958CFC2877341F00E0B807 /* AppDelegate.swift */,
				63A8746D29904A7F009F9533 /* App State.swift */,
				96B86AF729C6561E00844DF4 /* Localizable.strings */,
				96B86AFF29C66E6D00844DF4 /* Localizable.stringsdict */,
			);
			path = Cork;
			sourceTree = "<group>";
		};
		6340656A2871AA42001A2178 /* Preview Content */ = {
			isa = PBXGroup;
			children = (
				6340656B2871AA42001A2178 /* Preview Assets.xcassets */,
			);
			path = "Preview Content";
			sourceTree = "<group>";
		};
		634065762871AB2A001A2178 /* Logic */ = {
			isa = PBXGroup;
			children = (
				63690F7929C9FBEA008F952C /* Tagging */,
				63690F7829C9FBCE008F952C /* File System */,
				63A38B9129BA0AE60080158C /* Updating and Upgrading */,
				63006E0329ACC54900243E29 /* JSON */,
				6382C8FC299D70E300354B19 /* Sorting */,
				63D51F6F299ABA5100203F3F /* Maintenance */,
				63D2B0862997F5240084E223 /* Package Loading */,
				63A87463298FE7E4009F9533 /* Search */,
				637E006928734032005C9890 /* Installation & Removal */,
				6371EA242871EE6000300E1B /* Shell */,
				6371EA1F2871E0EC00300E1B /* Helpers */,
				637E006728733C1C005C9890 /* Search for Package by ID.swift */,
				632FD28F299591C10029FC49 /* Get Folder Size.swift */,
				632FD2982995BF490029FC49 /* Load up Tapped Taps.swift */,
				635A50EA29B7740000164FBA /* Pin an Unpit Package.swift */,
			);
			path = Logic;
			sourceTree = "<group>";
		};
		6340657B2871AC4F001A2178 /* Models */ = {
			isa = PBXGroup;
			children = (
				63D86EB029C0971600AD64D2 /* Searching */,
				63006E0B29ACC76F00243E29 /* Packages */,
				633289EB29A68B09004B2930 /* Package Installation */,
				63C830BA29984B10002D11BB /* Misc */,
				637E00652872F629005C9890 /* Update Progress Tracker.swift */,
				632FD29A2995C1C20029FC49 /* BrewTap.swift */,
				63D830FB29990DD600FA802F /* Terminal Output.swift */,
				634065792871AC27001A2178 /* Brew Data Storage.swift */,
				633289EE29A68B36004B2930 /* Search Result Tracker.swift */,
				634838A529C1D69F00D3C692 /* Outdated Package.swift */,
			);
			path = Models;
			sourceTree = "<group>";
		};
		634065802871B0A3001A2178 /* File Browser */ = {
			isa = PBXGroup;
			children = (
				6342117629AA4FE900E2563B /* Misc */,
				634065812871B0BE001A2178 /* Get Contents of Folder.swift */,
			);
			path = "File Browser";
			sourceTree = "<group>";
		};
		6342117629AA4FE900E2563B /* Misc */ = {
			isa = PBXGroup;
			children = (
				6342117729AA500300E2563B /* Check if URL is Symlink.swift */,
			);
			path = Misc;
			sourceTree = "<group>";
		};
		6342118129AA9CE300E2563B /* Sub-Views */ = {
			isa = PBXGroup;
			children = (
				6342118229AA9CF100E2563B /* Ready View.swift */,
			);
			path = "Sub-Views";
			sourceTree = "<group>";
		};
		6360355529BDE79D00CC0760 /* Package Updating */ = {
			isa = PBXGroup;
			children = (
				63A38B9729BA0B910080158C /* Package Updating Steps.swift */,
				6360355729BDE7BF00CC0760 /* Package Updating Stages.swift */,
				6360355929BDF67A00CC0760 /* Update Availability.swift */,
			);
			path = "Package Updating";
			sourceTree = "<group>";
		};
		6360355629BDE7A700CC0760 /* Package Installation */ = {
			isa = PBXGroup;
			children = (
				633289E829A68A8A004B2930 /* Package Installation Stage.swift */,
				633289E629A68A61004B2930 /* Package Installation Steps.swift */,
			);
			path = "Package Installation";
			sourceTree = "<group>";
		};
		63690F7829C9FBCE008F952C /* File System */ = {
			isa = PBXGroup;
			children = (
				634065802871B0A3001A2178 /* File Browser */,
			);
			path = "File System";
			sourceTree = "<group>";
		};
		63690F7929C9FBEA008F952C /* Tagging */ = {
			isa = PBXGroup;
			children = (
				63A8D2EF29CA341E00E892FB /* File Handling */,
				63690F7A29C9FBF5008F952C /* Tag Package.swift */,
				63690F7E29CA013E008F952C /* Untag Package.swift */,
				63690F7C29C9FC0F008F952C /* Save Data do Disk.swift */,
				63A8D2F629CA605200E892FB /* Apply Tags to Package Array.swift */,
			);
			path = Tagging;
			sourceTree = "<group>";
		};
		6371EA1C2871D96800300E1B /* Packages */ = {
			isa = PBXGroup;
			children = (
				63006E1429AD142000243E29 /* Package Details */,
				6371EA1D2871D98100300E1B /* Package List Item.swift */,
			);
			path = Packages;
			sourceTree = "<group>";
		};
		6371EA1F2871E0EC00300E1B /* Helpers */ = {
			isa = PBXGroup;
			children = (
				6371EA202871E0FE00300E1B /* Return Formatted Versions.swift */,
				639246E429A26BB4008149E2 /* REGEX Match.swift */,
				633A861B29A525F0006EA952 /* Toggle Sidebar.swift */,
				63FFEF4D29CB5D9400D6FFC4 /* Restart App.swift */,
			);
			path = Helpers;
			sourceTree = "<group>";
		};
		6371EA242871EE6000300E1B /* Shell */ = {
			isa = PBXGroup;
			children = (
				634065772871AB3A001A2178 /* Shell Interface.swift */,
				6371EA222871EE5A00300E1B /* Brew Interface.swift */,
			);
			path = Shell;
			sourceTree = "<group>";
		};
		637260BE29BE387C00E6E81C /* Tap Details */ = {
			isa = PBXGroup;
			children = (
				637260BF29BE388F00E6E81C /* Tap Details.swift */,
				637260CA29BE4F6400E6E81C /* Packages Included in Tap.swift */,
			);
			path = "Tap Details";
			sourceTree = "<group>";
		};
		637260C129BE401C00E6E81C /* Get Various Tap Info from JSON */ = {
			isa = PBXGroup;
			children = (
				637260C229BE40FC00E6E81C /* Get Homepage.swift */,
				637260C429BE42FB00E6E81C /* Get Official Status.swift */,
				637260C629BE466700E6E81C /* Get Formulae.swift */,
				637260C829BE4D8700E6E81C /* Get Casks.swift */,
			);
			path = "Get Various Tap Info from JSON";
			sourceTree = "<group>";
		};
		637402D8299BF86C001AB7B1 /* Sidebar */ = {
			isa = PBXGroup;
			children = (
				637402D9299BF878001AB7B1 /* Sidebar View.swift */,
			);
			path = Sidebar;
			sourceTree = "<group>";
		};
		637E006928734032005C9890 /* Installation & Removal */ = {
			isa = PBXGroup;
			children = (
				637E006A28734041005C9890 /* Install Selected Packages.swift */,
				63A8746B2990477A009F9533 /* Uninstall Packages.swift */,
				63A9778429A7D5800091DF2E /* Synchnorize Installed Packages.swift */,
			);
			path = "Installation & Removal";
			sourceTree = "<group>";
		};
		637E006C28734189005C9890 /* Installation */ = {
			isa = PBXGroup;
			children = (
				63D83108299982D300FA802F /* Reusables */,
				639A7D822871D08200B50280 /* Install Package.swift */,
				637E006D2873419B005C9890 /* Install Progress Tracker.swift */,
			);
			path = Installation;
			sourceTree = "<group>";
		};
		6382C8FC299D70E300354B19 /* Sorting */ = {
			isa = PBXGroup;
			children = (
				6382C8FD299D70F400354B19 /* Sort Alphabetically.swift */,
				6382C8FF299D71A300354B19 /* Sort by Install Date.swift */,
				63B8D4F7299E3DAD00AA7CFA /* Sort By Size.swift */,
			);
			path = Sorting;
			sourceTree = "<group>";
		};
		6382C906299DA01A00354B19 /* Steps */ = {
			isa = PBXGroup;
			children = (
				6382C907299DA02700354B19 /* Uninstall Orphaned Packages.swift */,
				6382C909299DA11F00354B19 /* Purge Brew Cache.swift */,
				6382C90B299DA46100354B19 /* Perform Brew Health Check.swift */,
				6342117929AA52B900E2563B /* Delete Cached Downloads.swift */,
			);
			path = Steps;
			sourceTree = "<group>";
		};
		63958CFE287735ED00E0B807 /* About */ = {
			isa = PBXGroup;
			children = (
				63958CFF287735F800E0B807 /* About View.swift */,
			);
			path = About;
			sourceTree = "<group>";
		};
		639A7D812871D07800B50280 /* Views */ = {
			isa = PBXGroup;
			children = (
				637402D8299BF86C001AB7B1 /* Sidebar */,
				63D51F6C299AAFC600203F3F /* Maintenance */,
				63D51F63299A98F800203F3F /* Settings */,
				63D830FD2999279800FA802F /* Reusables */,
				63C830BF29984B96002D11BB /* Misc */,
				6330531729966E9200F34F94 /* Start Page */,
				632FD2932995A3870029FC49 /* Taps */,
				63958CFE287735ED00E0B807 /* About */,
				63A38B9429BA0B5D0080158C /* Updating */,
				637E006C28734189005C9890 /* Installation */,
				6371EA1C2871D96800300E1B /* Packages */,
				63D8C956287A1D0800483A52 /* Loading View.swift */,
				63A874692990127D009F9533 /* PillText.swift */,
				632FD291299596790029FC49 /* HelpButton.swift */,
			);
			path = Views;
			sourceTree = "<group>";
		};
		63A38B9129BA0AE60080158C /* Updating and Upgrading */ = {
			isa = PBXGroup;
			children = (
				637E00632872F3CE005C9890 /* Upgrade Packages.swift */,
				63A38B9229BA0AFD0080158C /* Update Packages.swift */,
			);
			path = "Updating and Upgrading";
			sourceTree = "<group>";
		};
		63A38B9429BA0B5D0080158C /* Updating */ = {
			isa = PBXGroup;
			children = (
				63A38B9529BA0B6E0080158C /* Update Packages View.swift */,
			);
			path = Updating;
			sourceTree = "<group>";
		};
		63A87463298FE7E4009F9533 /* Search */ = {
			isa = PBXGroup;
			children = (
				63A87464298FE7FC009F9533 /* Search for Package.swift */,
			);
			path = Search;
			sourceTree = "<group>";
		};
		63A87466298FE808009F9533 /* Enums */ = {
			isa = PBXGroup;
			children = (
				6360355629BDE7A700CC0760 /* Package Installation */,
				6360355529BDE79D00CC0760 /* Package Updating */,
				63A87467298FE811009F9533 /* Package Types.swift */,
				6382C8F8299D6C1D00354B19 /* Package Sorting.swift */,
				63936A4C29AE6D710069C988 /* Package Caveats.swift */,
				63FFEF4F29CB5EEE00D6FFC4 /* Fatal Alert Types.swift */,
			);
			path = Enums;
			sourceTree = "<group>";
		};
		63A8D2EF29CA341E00E892FB /* File Handling */ = {
			isa = PBXGroup;
			children = (
				63A8D2F029CA343F00E892FB /* Save Tagged IDs to Disk.swift */,
				63A8D2F229CA346400E892FB /* Load Tagged IDs from Disk.swift */,
			);
			path = "File Handling";
			sourceTree = "<group>";
		};
		63C830BA29984B10002D11BB /* Misc */ = {
			isa = PBXGroup;
			children = (
				63C830BB29984B1A002D11BB /* Used Package.swift */,
				63C830BD29984B49002D11BB /* Acknowledged Contributor.swift */,
			);
			path = Misc;
			sourceTree = "<group>";
		};
		63C830BF29984B96002D11BB /* Misc */ = {
			isa = PBXGroup;
			children = (
				63C830C029984BA4002D11BB /* Button That Opens Websites.swift */,
			);
			path = Misc;
			sourceTree = "<group>";
		};
		63CD0274288B22C8004AE2EC /* Extensions */ = {
			isa = PBXGroup;
			children = (
				63CD0275288B22D9004AE2EC /* View - New Windows.swift */,
				63B8D4F9299E442300AA7CFA /* View - Conditional Modifiers.swift */,
				63AC992F29A7814700B38D7C /* String - Contains Element in Array.swift */,
				63E41C3029C527C20084E266 /* Array - Get Second to Last Element.swift */,
			);
			path = Extensions;
			sourceTree = "<group>";
		};
		63D2B0862997F5240084E223 /* Package Loading */ = {
			isa = PBXGroup;
			children = (
				63D2B0872997F5340084E223 /* Load up Formulae.swift */,
				63D2B0892997F53C0084E223 /* Load up Casks.swift */,
				63199FDF29980AB9002F50F0 /* Load up Installed Packages.swift */,
			);
			path = "Package Loading";
			sourceTree = "<group>";
		};
		63D51F63299A98F800203F3F /* Settings */ = {
			isa = PBXGroup;
			children = (
				63D51F66299A9A4E00203F3F /* Panes */,
				63D51F64299A992900203F3F /* Settings View.swift */,
			);
			path = Settings;
			sourceTree = "<group>";
		};
		63D51F66299A9A4E00203F3F /* Panes */ = {
			isa = PBXGroup;
			children = (
				63D51F67299A9A6000203F3F /* Installation Pane.swift */,
				6382C8FA299D6E5D00354B19 /* General Pane.swift */,
				6342117F29AA9CBB00E2563B /* Maintenance Pane.swift */,
				630D08B829B67E4300802201 /* Brew Pane.swift */,
			);
			path = Panes;
			sourceTree = "<group>";
		};
		63D51F69299A9ABA00203F3F /* Settings */ = {
			isa = PBXGroup;
			children = (
				63D51F6A299A9AC500203F3F /* Settings Pane Template.swift */,
			);
			path = Settings;
			sourceTree = "<group>";
		};
		63D51F6C299AAFC600203F3F /* Maintenance */ = {
			isa = PBXGroup;
			children = (
				6342118129AA9CE300E2563B /* Sub-Views */,
				63D51F6D299AAFE500203F3F /* Maintenance View.swift */,
			);
			path = Maintenance;
			sourceTree = "<group>";
		};
		63D51F6F299ABA5100203F3F /* Maintenance */ = {
			isa = PBXGroup;
			children = (
				6382C906299DA01A00354B19 /* Steps */,
			);
			path = Maintenance;
			sourceTree = "<group>";
		};
		63D830FD2999279800FA802F /* Reusables */ = {
			isa = PBXGroup;
			children = (
				63D51F69299A9ABA00203F3F /* Settings */,
				63D830FE299927AA00FA802F /* Sheets */,
				632FD2962995A7E50029FC49 /* Nicer Text Editor.swift */,
				6330531A2996A16600F34F94 /* GroupBox Headline Group.swift */,
				63D83102299928B400FA802F /* Headline with Subheadline.swift */,
				63D51F70299AEE5100203F3F /* Complex with Icon.swift */,
				639246E629A382B1008149E2 /* Uninstallation Progress Wheel.swift */,
				633EB30529BE65EB006CB872 /* Custom Search Field.swift */,
			);
			path = Reusables;
			sourceTree = "<group>";
		};
		63D830FE299927AA00FA802F /* Sheets */ = {
			isa = PBXGroup;
			children = (
				63D830FF299927B400FA802F /* Components */,
				63D831042999331D00FA802F /* Sheet with Title.swift */,
			);
			path = Sheets;
			sourceTree = "<group>";
		};
		63D830FF299927B400FA802F /* Components */ = {
			isa = PBXGroup;
			children = (
				63D83100299927C800FA802F /* Disappearable Sheet.swift */,
				63D83106299935E900FA802F /* Dismiss Sheet Button.swift */,
			);
			path = Components;
			sourceTree = "<group>";
		};
		63D83108299982D300FA802F /* Reusables */ = {
			isa = PBXGroup;
			children = (
				63D83109299982EA00FA802F /* Search Result Row.swift */,
			);
			path = Reusables;
			sourceTree = "<group>";
		};
		63D86EB029C0971600AD64D2 /* Searching */ = {
			isa = PBXGroup;
			children = (
				63D86EB129C0972A00AD64D2 /* Package Search Token.swift */,
			);
			path = Searching;
			sourceTree = "<group>";
		};
/* End PBXGroup section */

/* Begin PBXNativeTarget section */
		634065602871AA42001A2178 /* Cork */ = {
			isa = PBXNativeTarget;
			buildConfigurationList = 634065702871AA42001A2178 /* Build configuration list for PBXNativeTarget "Cork" */;
			buildPhases = (
				6340655D2871AA42001A2178 /* Sources */,
				6340655E2871AA42001A2178 /* Frameworks */,
				6340655F2871AA42001A2178 /* Resources */,
			);
			buildRules = (
			);
			dependencies = (
			);
			name = Cork;
			packageProductDependencies = (
				634065742871AB22001A2178 /* DavidFoundation */,
				63936A4A29AE09D00069C988 /* SwiftyJSON */,
			);
			productName = Cork;
			productReference = 634065612871AA42001A2178 /* Cork.app */;
			productType = "com.apple.product-type.application";
		};
/* End PBXNativeTarget section */

/* Begin PBXProject section */
		634065592871AA42001A2178 /* Project object */ = {
			isa = PBXProject;
			attributes = {
				BuildIndependentTargetsInParallel = 1;
				LastSwiftUpdateCheck = 1400;
				LastUpgradeCheck = 1420;
				TargetAttributes = {
					634065602871AA42001A2178 = {
						CreatedOnToolsVersion = 14.0;
					};
				};
			};
			buildConfigurationList = 6340655C2871AA42001A2178 /* Build configuration list for PBXProject "Cork" */;
			compatibilityVersion = "Xcode 14.0";
			developmentRegion = en;
			hasScannedForEncodings = 0;
			knownRegions = (
				en,
				Base,
				"zh-Hans",
				"zh-Hant",
			);
			mainGroup = 634065582871AA42001A2178;
			packageReferences = (
				634065732871AB22001A2178 /* XCRemoteSwiftPackageReference "DavidFoundation" */,
				63936A4929AE09D00069C988 /* XCRemoteSwiftPackageReference "SwiftyJSON" */,
			);
			productRefGroup = 634065622871AA42001A2178 /* Products */;
			projectDirPath = "";
			projectRoot = "";
			targets = (
				634065602871AA42001A2178 /* Cork */,
			);
		};
/* End PBXProject section */

/* Begin PBXResourcesBuildPhase section */
		6340655F2871AA42001A2178 /* Resources */ = {
			isa = PBXResourcesBuildPhase;
			buildActionMask = 2147483647;
			files = (
				6340656C2871AA42001A2178 /* Preview Assets.xcassets in Resources */,
				96B86AFD29C66E6D00844DF4 /* Localizable.stringsdict in Resources */,
				96B86AF529C6561E00844DF4 /* Localizable.strings in Resources */,
				634065692871AA42001A2178 /* Assets.xcassets in Resources */,
			);
			runOnlyForDeploymentPostprocessing = 0;
		};
/* End PBXResourcesBuildPhase section */

/* Begin PBXSourcesBuildPhase section */
		6340655D2871AA42001A2178 /* Sources */ = {
			isa = PBXSourcesBuildPhase;
			buildActionMask = 2147483647;
			files = (
				63A8746C2990477A009F9533 /* Uninstall Packages.swift in Sources */,
				634838A629C1D69F00D3C692 /* Outdated Package.swift in Sources */,
				63D2B0882997F5340084E223 /* Load up Formulae.swift in Sources */,
				63006E0D29ACC78400243E29 /* Package Dependency.swift in Sources */,
				63690F7B29C9FBF5008F952C /* Tag Package.swift in Sources */,
				6382C8F9299D6C1D00354B19 /* Package Sorting.swift in Sources */,
				63D831052999331D00FA802F /* Sheet with Title.swift in Sources */,
				6382C90A299DA11F00354B19 /* Purge Brew Cache.swift in Sources */,
				63006E0A29ACC6AC00243E29 /* Get Package Dependencies.swift in Sources */,
				634065782871AB3A001A2178 /* Shell Interface.swift in Sources */,
				63D83103299928B400FA802F /* Headline with Subheadline.swift in Sources */,
				632FD2952995A3920029FC49 /* Add Tap.swift in Sources */,
				635A50E929B7723C00164FBA /* Get Pin Status.swift in Sources */,
				63A8D2F729CA605200E892FB /* Apply Tags to Package Array.swift in Sources */,
				63D51F65299A992900203F3F /* Settings View.swift in Sources */,
				63FFEF5029CB5EEE00D6FFC4 /* Fatal Alert Types.swift in Sources */,
				634065822871B0BE001A2178 /* Get Contents of Folder.swift in Sources */,
				63D51F6E299AAFE500203F3F /* Maintenance View.swift in Sources */,
				63A38B9829BA0B910080158C /* Package Updating Steps.swift in Sources */,
				63E41C3129C527C20084E266 /* Array - Get Second to Last Element.swift in Sources */,
				63A87465298FE7FC009F9533 /* Search for Package.swift in Sources */,
				639246E529A26BB4008149E2 /* REGEX Match.swift in Sources */,
				63FFEF4E29CB5D9400D6FFC4 /* Restart App.swift in Sources */,
				63006E1929AD215000243E29 /* Get Caveats.swift in Sources */,
				633289ED29A68B1E004B2930 /* Installation Progress Tracker.swift in Sources */,
				63A38B9629BA0B6E0080158C /* Update Packages View.swift in Sources */,
				63A9778529A7D5800091DF2E /* Synchnorize Installed Packages.swift in Sources */,
				639A7D832871D08200B50280 /* Install Package.swift in Sources */,
				637E006828733C1C005C9890 /* Search for Package by ID.swift in Sources */,
				637260C529BE42FB00E6E81C /* Get Official Status.swift in Sources */,
				6342117A29AA52B900E2563B /* Delete Cached Downloads.swift in Sources */,
				6340657A2871AC27001A2178 /* Brew Data Storage.swift in Sources */,
				633289E729A68A61004B2930 /* Package Installation Steps.swift in Sources */,
				63D51F6B299A9AC500203F3F /* Settings Pane Template.swift in Sources */,
				63006E0829ACC60F00243E29 /* Get Package Homepage.swift in Sources */,
				63C830C129984BA4002D11BB /* Button That Opens Websites.swift in Sources */,
				63CD0276288B22D9004AE2EC /* View - New Windows.swift in Sources */,
				632FD2972995A7E50029FC49 /* Nicer Text Editor.swift in Sources */,
				632FD2992995BF490029FC49 /* Load up Tapped Taps.swift in Sources */,
				63D8C957287A1D0800483A52 /* Loading View.swift in Sources */,
				6340657F2871AF68001A2178 /* App Constants.swift in Sources */,
				639246E729A382B1008149E2 /* Uninstallation Progress Wheel.swift in Sources */,
				6342117829AA500300E2563B /* Check if URL is Symlink.swift in Sources */,
				6342118029AA9CBB00E2563B /* Maintenance Pane.swift in Sources */,
				634065672871AA42001A2178 /* ContentView.swift in Sources */,
				6360355A29BDF67B00CC0760 /* Update Availability.swift in Sources */,
				637402DA299BF878001AB7B1 /* Sidebar View.swift in Sources */,
				63A8746A2990127D009F9533 /* PillText.swift in Sources */,
				6382C90C299DA46100354B19 /* Perform Brew Health Check.swift in Sources */,
				632FD292299596790029FC49 /* HelpButton.swift in Sources */,
				63D8310A299982EA00FA802F /* Search Result Row.swift in Sources */,
				63A8746E29904A7F009F9533 /* App State.swift in Sources */,
				63A87468298FE811009F9533 /* Package Types.swift in Sources */,
				63006E1129ACCCB800243E29 /* Get If Package Was Installed as Dependency.swift in Sources */,
				63199FE029980AB9002F50F0 /* Load up Installed Packages.swift in Sources */,
				63936A4D29AE6D710069C988 /* Package Caveats.swift in Sources */,
				63006DFB29AB692B00243E29 /* DisclosureGroup - No Padding.swift in Sources */,
				6382C8FE299D70F400354B19 /* Sort Alphabetically.swift in Sources */,
				63A8D2F129CA343F00E892FB /* Save Tagged IDs to Disk.swift in Sources */,
				6340657D2871AC65001A2178 /* Brew Package.swift in Sources */,
				637E00642872F3CE005C9890 /* Upgrade Packages.swift in Sources */,
				63006E0629ACC56800243E29 /* Get Package Description.swift in Sources */,
				63C830BC29984B1A002D11BB /* Used Package.swift in Sources */,
				637260CB29BE4F6400E6E81C /* Packages Included in Tap.swift in Sources */,
				63690F7D29C9FC0F008F952C /* Save Data do Disk.swift in Sources */,
				6330531929966E9F00F34F94 /* Start Page.swift in Sources */,
				6382C900299D71A300354B19 /* Sort by Install Date.swift in Sources */,
				63006E0029AC073D00243E29 /* Parse JSON.swift in Sources */,
				637260C029BE388F00E6E81C /* Tap Details.swift in Sources */,
				63C830BE29984B49002D11BB /* Acknowledged Contributor.swift in Sources */,
				63B8D4FA299E442300AA7CFA /* View - Conditional Modifiers.swift in Sources */,
				6330531B2996A16600F34F94 /* GroupBox Headline Group.swift in Sources */,
				6382C908299DA02700354B19 /* Uninstall Orphaned Packages.swift in Sources */,
				63D86EB229C0972A00AD64D2 /* Package Search Token.swift in Sources */,
				637260C329BE40FC00E6E81C /* Get Homepage.swift in Sources */,
				633EB30629BE65EB006CB872 /* Custom Search Field.swift in Sources */,
				632FD290299591C10029FC49 /* Get Folder Size.swift in Sources */,
				63E41C2F29C50A480084E266 /* Package Updating Stages.swift in Sources */,
				63006E1729AD143D00243E29 /* Dependency List.swift in Sources */,
				6371EA1E2871D98100300E1B /* Package List Item.swift in Sources */,
				635A50EB29B7740000164FBA /* Pin an Unpit Package.swift in Sources */,
				63006E0F29ACCBA400243E29 /* Get Package Tap.swift in Sources */,
				637E006B28734041005C9890 /* Install Selected Packages.swift in Sources */,
				63D830FC29990DD600FA802F /* Terminal Output.swift in Sources */,
				6371EA212871E0FE00300E1B /* Return Formatted Versions.swift in Sources */,
				63D83107299935E900FA802F /* Dismiss Sheet Button.swift in Sources */,
				633A861C29A525F0006EA952 /* Toggle Sidebar.swift in Sources */,
				63D2B08A2997F53C0084E223 /* Load up Casks.swift in Sources */,
				6371EA232871EE5A00300E1B /* Brew Interface.swift in Sources */,
				637E00662872F629005C9890 /* Update Progress Tracker.swift in Sources */,
				63D83101299927C800FA802F /* Disappearable Sheet.swift in Sources */,
				63A8D2F329CA346400E892FB /* Load Tagged IDs from Disk.swift in Sources */,
				63006E1329ACCE2600243E29 /* Get If Package Is Outdated.swift in Sources */,
				630D08B929B67E4300802201 /* Brew Pane.swift in Sources */,
				6342118329AA9CF100E2563B /* Ready View.swift in Sources */,
				632FD29B2995C1C20029FC49 /* BrewTap.swift in Sources */,
				633289E929A68A8A004B2930 /* Package Installation Stage.swift in Sources */,
				63B8D4F8299E3DAD00AA7CFA /* Sort By Size.swift in Sources */,
				637E006E2873419B005C9890 /* Install Progress Tracker.swift in Sources */,
				6382C8FB299D6E5D00354B19 /* General Pane.swift in Sources */,
				63AC993029A7814700B38D7C /* String - Contains Element in Array.swift in Sources */,
				63690F7F29CA013E008F952C /* Untag Package.swift in Sources */,
				63958CFD2877341F00E0B807 /* AppDelegate.swift in Sources */,
				633289F129A68CDB004B2930 /* Package in Progress of Being Installed.swift in Sources */,
				637260C929BE4D8700E6E81C /* Get Casks.swift in Sources */,
				63D51F71299AEE5100203F3F /* Complex with Icon.swift in Sources */,
				63D51F68299A9A6000203F3F /* Installation Pane.swift in Sources */,
				633289EF29A68B36004B2930 /* Search Result Tracker.swift in Sources */,
				637260C729BE466700E6E81C /* Get Formulae.swift in Sources */,
				63958D00287735F800E0B807 /* About View.swift in Sources */,
				63A38B9329BA0AFD0080158C /* Update Packages.swift in Sources */,
				639A7D862871D78C00B50280 /* Package Details.swift in Sources */,
				634065652871AA42001A2178 /* CorkApp.swift in Sources */,
			);
			runOnlyForDeploymentPostprocessing = 0;
		};
/* End PBXSourcesBuildPhase section */

/* Begin PBXVariantGroup section */
		96B86AF729C6561E00844DF4 /* Localizable.strings */ = {
			isa = PBXVariantGroup;
			children = (
				96B86AF629C6561E00844DF4 /* en */,
				C4F430F329C93B500070489B /* zh-Hans */,
				B0376A5729D26097009C7E6B /* zh-Hant */,
			);
			name = Localizable.strings;
			sourceTree = "<group>";
		};
		96B86AFF29C66E6D00844DF4 /* Localizable.stringsdict */ = {
			isa = PBXVariantGroup;
			children = (
				96B86AFE29C66E6D00844DF4 /* en */,
				C4F430F429C93B500070489B /* zh-Hans */,
				B0376A5829D26097009C7E6B /* zh-Hant */,
			);
			name = Localizable.stringsdict;
			sourceTree = "<group>";
		};
/* End PBXVariantGroup section */

/* Begin XCBuildConfiguration section */
		6340656E2871AA42001A2178 /* Debug */ = {
			isa = XCBuildConfiguration;
			buildSettings = {
				ALWAYS_SEARCH_USER_PATHS = NO;
				CLANG_ANALYZER_LOCALIZABILITY_NONLOCALIZED = YES;
				CLANG_ANALYZER_NONNULL = YES;
				CLANG_ANALYZER_NUMBER_OBJECT_CONVERSION = YES_AGGRESSIVE;
				CLANG_CXX_LANGUAGE_STANDARD = "gnu++17";
				CLANG_ENABLE_MODULES = YES;
				CLANG_ENABLE_OBJC_ARC = YES;
				CLANG_ENABLE_OBJC_WEAK = YES;
				CLANG_WARN_BLOCK_CAPTURE_AUTORELEASING = YES;
				CLANG_WARN_BOOL_CONVERSION = YES;
				CLANG_WARN_COMMA = YES;
				CLANG_WARN_CONSTANT_CONVERSION = YES;
				CLANG_WARN_DEPRECATED_OBJC_IMPLEMENTATIONS = YES;
				CLANG_WARN_DIRECT_OBJC_ISA_USAGE = YES_ERROR;
				CLANG_WARN_DOCUMENTATION_COMMENTS = YES;
				CLANG_WARN_EMPTY_BODY = YES;
				CLANG_WARN_ENUM_CONVERSION = YES;
				CLANG_WARN_INFINITE_RECURSION = YES;
				CLANG_WARN_INT_CONVERSION = YES;
				CLANG_WARN_NON_LITERAL_NULL_CONVERSION = YES;
				CLANG_WARN_OBJC_IMPLICIT_RETAIN_SELF = YES;
				CLANG_WARN_OBJC_LITERAL_CONVERSION = YES;
				CLANG_WARN_OBJC_ROOT_CLASS = YES_ERROR;
				CLANG_WARN_QUOTED_INCLUDE_IN_FRAMEWORK_HEADER = YES;
				CLANG_WARN_RANGE_LOOP_ANALYSIS = YES;
				CLANG_WARN_STRICT_PROTOTYPES = YES;
				CLANG_WARN_SUSPICIOUS_MOVE = YES;
				CLANG_WARN_UNGUARDED_AVAILABILITY = YES_AGGRESSIVE;
				CLANG_WARN_UNREACHABLE_CODE = YES;
				CLANG_WARN__DUPLICATE_METHOD_MATCH = YES;
				COPY_PHASE_STRIP = NO;
				DEAD_CODE_STRIPPING = YES;
				DEBUG_INFORMATION_FORMAT = dwarf;
				ENABLE_STRICT_OBJC_MSGSEND = YES;
				ENABLE_TESTABILITY = YES;
				GCC_C_LANGUAGE_STANDARD = gnu11;
				GCC_DYNAMIC_NO_PIC = NO;
				GCC_NO_COMMON_BLOCKS = YES;
				GCC_OPTIMIZATION_LEVEL = 0;
				GCC_PREPROCESSOR_DEFINITIONS = (
					"DEBUG=1",
					"$(inherited)",
				);
				GCC_WARN_64_TO_32_BIT_CONVERSION = YES;
				GCC_WARN_ABOUT_RETURN_TYPE = YES_ERROR;
				GCC_WARN_UNDECLARED_SELECTOR = YES;
				GCC_WARN_UNINITIALIZED_AUTOS = YES_AGGRESSIVE;
				GCC_WARN_UNUSED_FUNCTION = YES;
				GCC_WARN_UNUSED_VARIABLE = YES;
				MACOSX_DEPLOYMENT_TARGET = 13.0;
				MTL_ENABLE_DEBUG_INFO = INCLUDE_SOURCE;
				MTL_FAST_MATH = YES;
				ONLY_ACTIVE_ARCH = YES;
				SDKROOT = macosx;
				SWIFT_ACTIVE_COMPILATION_CONDITIONS = DEBUG;
				SWIFT_OPTIMIZATION_LEVEL = "-Onone";
			};
			name = Debug;
		};
		6340656F2871AA42001A2178 /* Release */ = {
			isa = XCBuildConfiguration;
			buildSettings = {
				ALWAYS_SEARCH_USER_PATHS = NO;
				CLANG_ANALYZER_LOCALIZABILITY_NONLOCALIZED = YES;
				CLANG_ANALYZER_NONNULL = YES;
				CLANG_ANALYZER_NUMBER_OBJECT_CONVERSION = YES_AGGRESSIVE;
				CLANG_CXX_LANGUAGE_STANDARD = "gnu++17";
				CLANG_ENABLE_MODULES = YES;
				CLANG_ENABLE_OBJC_ARC = YES;
				CLANG_ENABLE_OBJC_WEAK = YES;
				CLANG_WARN_BLOCK_CAPTURE_AUTORELEASING = YES;
				CLANG_WARN_BOOL_CONVERSION = YES;
				CLANG_WARN_COMMA = YES;
				CLANG_WARN_CONSTANT_CONVERSION = YES;
				CLANG_WARN_DEPRECATED_OBJC_IMPLEMENTATIONS = YES;
				CLANG_WARN_DIRECT_OBJC_ISA_USAGE = YES_ERROR;
				CLANG_WARN_DOCUMENTATION_COMMENTS = YES;
				CLANG_WARN_EMPTY_BODY = YES;
				CLANG_WARN_ENUM_CONVERSION = YES;
				CLANG_WARN_INFINITE_RECURSION = YES;
				CLANG_WARN_INT_CONVERSION = YES;
				CLANG_WARN_NON_LITERAL_NULL_CONVERSION = YES;
				CLANG_WARN_OBJC_IMPLICIT_RETAIN_SELF = YES;
				CLANG_WARN_OBJC_LITERAL_CONVERSION = YES;
				CLANG_WARN_OBJC_ROOT_CLASS = YES_ERROR;
				CLANG_WARN_QUOTED_INCLUDE_IN_FRAMEWORK_HEADER = YES;
				CLANG_WARN_RANGE_LOOP_ANALYSIS = YES;
				CLANG_WARN_STRICT_PROTOTYPES = YES;
				CLANG_WARN_SUSPICIOUS_MOVE = YES;
				CLANG_WARN_UNGUARDED_AVAILABILITY = YES_AGGRESSIVE;
				CLANG_WARN_UNREACHABLE_CODE = YES;
				CLANG_WARN__DUPLICATE_METHOD_MATCH = YES;
				COPY_PHASE_STRIP = NO;
				DEAD_CODE_STRIPPING = YES;
				DEBUG_INFORMATION_FORMAT = "dwarf-with-dsym";
				ENABLE_NS_ASSERTIONS = NO;
				ENABLE_STRICT_OBJC_MSGSEND = YES;
				GCC_C_LANGUAGE_STANDARD = gnu11;
				GCC_NO_COMMON_BLOCKS = YES;
				GCC_WARN_64_TO_32_BIT_CONVERSION = YES;
				GCC_WARN_ABOUT_RETURN_TYPE = YES_ERROR;
				GCC_WARN_UNDECLARED_SELECTOR = YES;
				GCC_WARN_UNINITIALIZED_AUTOS = YES_AGGRESSIVE;
				GCC_WARN_UNUSED_FUNCTION = YES;
				GCC_WARN_UNUSED_VARIABLE = YES;
				MACOSX_DEPLOYMENT_TARGET = 13.0;
				MTL_ENABLE_DEBUG_INFO = NO;
				MTL_FAST_MATH = YES;
				SDKROOT = macosx;
				SWIFT_COMPILATION_MODE = wholemodule;
				SWIFT_OPTIMIZATION_LEVEL = "-O";
			};
			name = Release;
		};
		634065712871AA42001A2178 /* Debug */ = {
			isa = XCBuildConfiguration;
			buildSettings = {
				ASSETCATALOG_COMPILER_APPICON_NAME = AppIcon;
				ASSETCATALOG_COMPILER_GLOBAL_ACCENT_COLOR_NAME = AccentColor;
				CODE_SIGN_ENTITLEMENTS = Cork/Cork.entitlements;
				CODE_SIGN_IDENTITY = "-";
				CODE_SIGN_STYLE = Automatic;
				COMBINE_HIDPI_IMAGES = YES;
				CURRENT_PROJECT_VERSION = 28;
				DEAD_CODE_STRIPPING = YES;
				DEVELOPMENT_ASSET_PATHS = "\"Cork/Preview Content\"";
				DEVELOPMENT_TEAM = ZSVA6DVZHM;
				ENABLE_HARDENED_RUNTIME = YES;
				ENABLE_PREVIEWS = YES;
				GENERATE_INFOPLIST_FILE = YES;
				INFOPLIST_KEY_LSApplicationCategoryType = "public.app-category.utilities";
				INFOPLIST_KEY_NSHumanReadableCopyright = "";
				LD_RUNPATH_SEARCH_PATHS = (
					"$(inherited)",
					"@executable_path/../Frameworks",
				);
				MARKETING_VERSION = 0.7;
				PRODUCT_BUNDLE_IDENTIFIER = com.davidbures.Cork;
				PRODUCT_NAME = "$(TARGET_NAME)";
				SWIFT_EMIT_LOC_STRINGS = YES;
				SWIFT_VERSION = 5.0;
			};
			name = Debug;
		};
		634065722871AA42001A2178 /* Release */ = {
			isa = XCBuildConfiguration;
			buildSettings = {
				ASSETCATALOG_COMPILER_APPICON_NAME = AppIcon;
				ASSETCATALOG_COMPILER_GLOBAL_ACCENT_COLOR_NAME = AccentColor;
				CODE_SIGN_ENTITLEMENTS = Cork/Cork.entitlements;
				CODE_SIGN_IDENTITY = "-";
				CODE_SIGN_STYLE = Automatic;
				COMBINE_HIDPI_IMAGES = YES;
				CURRENT_PROJECT_VERSION = 28;
				DEAD_CODE_STRIPPING = YES;
				DEVELOPMENT_ASSET_PATHS = "\"Cork/Preview Content\"";
				DEVELOPMENT_TEAM = ZSVA6DVZHM;
				ENABLE_HARDENED_RUNTIME = YES;
				ENABLE_PREVIEWS = YES;
				GENERATE_INFOPLIST_FILE = YES;
				INFOPLIST_KEY_LSApplicationCategoryType = "public.app-category.utilities";
				INFOPLIST_KEY_NSHumanReadableCopyright = "";
				LD_RUNPATH_SEARCH_PATHS = (
					"$(inherited)",
					"@executable_path/../Frameworks",
				);
				MARKETING_VERSION = 0.7;
				PRODUCT_BUNDLE_IDENTIFIER = com.davidbures.Cork;
				PRODUCT_NAME = "$(TARGET_NAME)";
				SWIFT_EMIT_LOC_STRINGS = YES;
				SWIFT_VERSION = 5.0;
			};
			name = Release;
		};
/* End XCBuildConfiguration section */

/* Begin XCConfigurationList section */
		6340655C2871AA42001A2178 /* Build configuration list for PBXProject "Cork" */ = {
			isa = XCConfigurationList;
			buildConfigurations = (
				6340656E2871AA42001A2178 /* Debug */,
				6340656F2871AA42001A2178 /* Release */,
			);
			defaultConfigurationIsVisible = 0;
			defaultConfigurationName = Release;
		};
		634065702871AA42001A2178 /* Build configuration list for PBXNativeTarget "Cork" */ = {
			isa = XCConfigurationList;
			buildConfigurations = (
				634065712871AA42001A2178 /* Debug */,
				634065722871AA42001A2178 /* Release */,
			);
			defaultConfigurationIsVisible = 0;
			defaultConfigurationName = Release;
		};
/* End XCConfigurationList section */

/* Begin XCRemoteSwiftPackageReference section */
		634065732871AB22001A2178 /* XCRemoteSwiftPackageReference "DavidFoundation" */ = {
			isa = XCRemoteSwiftPackageReference;
			repositoryURL = "https://github.com/buresdv/DavidFoundation";
			requirement = {
				branch = main;
				kind = branch;
			};
		};
		63936A4929AE09D00069C988 /* XCRemoteSwiftPackageReference "SwiftyJSON" */ = {
			isa = XCRemoteSwiftPackageReference;
			repositoryURL = "https://github.com/SwiftyJSON/SwiftyJSON";
			requirement = {
				kind = upToNextMajorVersion;
				minimumVersion = 5.0.0;
			};
		};
/* End XCRemoteSwiftPackageReference section */

/* Begin XCSwiftPackageProductDependency section */
		634065742871AB22001A2178 /* DavidFoundation */ = {
			isa = XCSwiftPackageProductDependency;
			package = 634065732871AB22001A2178 /* XCRemoteSwiftPackageReference "DavidFoundation" */;
			productName = DavidFoundation;
		};
		63936A4A29AE09D00069C988 /* SwiftyJSON */ = {
			isa = XCSwiftPackageProductDependency;
			package = 63936A4929AE09D00069C988 /* XCRemoteSwiftPackageReference "SwiftyJSON" */;
			productName = SwiftyJSON;
		};
/* End XCSwiftPackageProductDependency section */
	};
	rootObject = 634065592871AA42001A2178 /* Project object */;
}
