// !$*UTF8*$!
{
	archiveVersion = 1;
	classes = {
	};
	objectVersion = 56;
	objects = {

/* Begin PBXBuildFile section */
		634065652871AA42001A2178 /* CorkApp.swift in Sources */ = {isa = PBXBuildFile; fileRef = 634065642871AA42001A2178 /* CorkApp.swift */; };
		634065672871AA42001A2178 /* ContentView.swift in Sources */ = {isa = PBXBuildFile; fileRef = 634065662871AA42001A2178 /* ContentView.swift */; };
		634065692871AA42001A2178 /* Assets.xcassets in Resources */ = {isa = PBXBuildFile; fileRef = 634065682871AA42001A2178 /* Assets.xcassets */; };
		6340656C2871AA42001A2178 /* Preview Assets.xcassets in Resources */ = {isa = PBXBuildFile; fileRef = 6340656B2871AA42001A2178 /* Preview Assets.xcassets */; };
		634065752871AB22001A2178 /* DavidFoundation in Frameworks */ = {isa = PBXBuildFile; productRef = 634065742871AB22001A2178 /* DavidFoundation */; };
		634065782871AB3A001A2178 /* Shell Interface.swift in Sources */ = {isa = PBXBuildFile; fileRef = 634065772871AB3A001A2178 /* Shell Interface.swift */; };
		6340657A2871AC27001A2178 /* Brew Data Storage.swift in Sources */ = {isa = PBXBuildFile; fileRef = 634065792871AC27001A2178 /* Brew Data Storage.swift */; };
		6340657D2871AC65001A2178 /* Brew Package.swift in Sources */ = {isa = PBXBuildFile; fileRef = 6340657C2871AC65001A2178 /* Brew Package.swift */; };
		6340657F2871AF68001A2178 /* App Constants.swift in Sources */ = {isa = PBXBuildFile; fileRef = 6340657E2871AF68001A2178 /* App Constants.swift */; };
		634065822871B0BE001A2178 /* Get Contents of Folder.swift in Sources */ = {isa = PBXBuildFile; fileRef = 634065812871B0BE001A2178 /* Get Contents of Folder.swift */; };
		634EB3972871C1F00009DFC2 /* Get Package Version.swift in Sources */ = {isa = PBXBuildFile; fileRef = 634EB3962871C1F00009DFC2 /* Get Package Version.swift */; };
		6371EA1E2871D98100300E1B /* Package List Item.swift in Sources */ = {isa = PBXBuildFile; fileRef = 6371EA1D2871D98100300E1B /* Package List Item.swift */; };
		6371EA212871E0FE00300E1B /* Return Formatted Versions.swift in Sources */ = {isa = PBXBuildFile; fileRef = 6371EA202871E0FE00300E1B /* Return Formatted Versions.swift */; };
		6371EA232871EE5A00300E1B /* Brew Interface.swift in Sources */ = {isa = PBXBuildFile; fileRef = 6371EA222871EE5A00300E1B /* Brew Interface.swift */; };
		6371EA2D287202F400300E1B /* Extract from JSON.swift in Sources */ = {isa = PBXBuildFile; fileRef = 6371EA2C287202F400300E1B /* Extract from JSON.swift */; };
		637E00622872F1AF005C9890 /* Search Result.swift in Sources */ = {isa = PBXBuildFile; fileRef = 637E00612872F1AF005C9890 /* Search Result.swift */; };
		637E00642872F3CE005C9890 /* Upgrade Packages.swift in Sources */ = {isa = PBXBuildFile; fileRef = 637E00632872F3CE005C9890 /* Upgrade Packages.swift */; };
		637E00662872F629005C9890 /* Update Progress Tracker.swift in Sources */ = {isa = PBXBuildFile; fileRef = 637E00652872F629005C9890 /* Update Progress Tracker.swift */; };
		637E006828733C1C005C9890 /* Search for Package by ID.swift in Sources */ = {isa = PBXBuildFile; fileRef = 637E006728733C1C005C9890 /* Search for Package by ID.swift */; };
		637E006B28734041005C9890 /* Install Selected Packages.swift in Sources */ = {isa = PBXBuildFile; fileRef = 637E006A28734041005C9890 /* Install Selected Packages.swift */; };
		637E006E2873419B005C9890 /* Install Progress Tracker.swift in Sources */ = {isa = PBXBuildFile; fileRef = 637E006D2873419B005C9890 /* Install Progress Tracker.swift */; };
		63958CFD2877341F00E0B807 /* AppDelegate.swift in Sources */ = {isa = PBXBuildFile; fileRef = 63958CFC2877341F00E0B807 /* AppDelegate.swift */; };
		63958D00287735F800E0B807 /* About View.swift in Sources */ = {isa = PBXBuildFile; fileRef = 63958CFF287735F800E0B807 /* About View.swift */; };
		639A7D832871D08200B50280 /* Add Formula.swift in Sources */ = {isa = PBXBuildFile; fileRef = 639A7D822871D08200B50280 /* Add Formula.swift */; };
		639A7D862871D78C00B50280 /* Package Details.swift in Sources */ = {isa = PBXBuildFile; fileRef = 639A7D852871D78C00B50280 /* Package Details.swift */; };
/* End PBXBuildFile section */

/* Begin PBXFileReference section */
		634065612871AA42001A2178 /* Cork.app */ = {isa = PBXFileReference; explicitFileType = wrapper.application; includeInIndex = 0; path = Cork.app; sourceTree = BUILT_PRODUCTS_DIR; };
		634065642871AA42001A2178 /* CorkApp.swift */ = {isa = PBXFileReference; lastKnownFileType = sourcecode.swift; path = CorkApp.swift; sourceTree = "<group>"; };
		634065662871AA42001A2178 /* ContentView.swift */ = {isa = PBXFileReference; lastKnownFileType = sourcecode.swift; path = ContentView.swift; sourceTree = "<group>"; };
		634065682871AA42001A2178 /* Assets.xcassets */ = {isa = PBXFileReference; lastKnownFileType = folder.assetcatalog; path = Assets.xcassets; sourceTree = "<group>"; };
		6340656B2871AA42001A2178 /* Preview Assets.xcassets */ = {isa = PBXFileReference; lastKnownFileType = folder.assetcatalog; path = "Preview Assets.xcassets"; sourceTree = "<group>"; };
		6340656D2871AA42001A2178 /* Cork.entitlements */ = {isa = PBXFileReference; lastKnownFileType = text.plist.entitlements; path = Cork.entitlements; sourceTree = "<group>"; };
		634065772871AB3A001A2178 /* Shell Interface.swift */ = {isa = PBXFileReference; lastKnownFileType = sourcecode.swift; path = "Shell Interface.swift"; sourceTree = "<group>"; };
		634065792871AC27001A2178 /* Brew Data Storage.swift */ = {isa = PBXFileReference; lastKnownFileType = sourcecode.swift; path = "Brew Data Storage.swift"; sourceTree = "<group>"; };
		6340657C2871AC65001A2178 /* Brew Package.swift */ = {isa = PBXFileReference; lastKnownFileType = sourcecode.swift; path = "Brew Package.swift"; sourceTree = "<group>"; };
		6340657E2871AF68001A2178 /* App Constants.swift */ = {isa = PBXFileReference; lastKnownFileType = sourcecode.swift; path = "App Constants.swift"; sourceTree = "<group>"; };
		634065812871B0BE001A2178 /* Get Contents of Folder.swift */ = {isa = PBXFileReference; lastKnownFileType = sourcecode.swift; path = "Get Contents of Folder.swift"; sourceTree = "<group>"; };
		634EB3962871C1F00009DFC2 /* Get Package Version.swift */ = {isa = PBXFileReference; lastKnownFileType = sourcecode.swift; path = "Get Package Version.swift"; sourceTree = "<group>"; };
		6371EA1D2871D98100300E1B /* Package List Item.swift */ = {isa = PBXFileReference; lastKnownFileType = sourcecode.swift; path = "Package List Item.swift"; sourceTree = "<group>"; };
		6371EA202871E0FE00300E1B /* Return Formatted Versions.swift */ = {isa = PBXFileReference; lastKnownFileType = sourcecode.swift; path = "Return Formatted Versions.swift"; sourceTree = "<group>"; };
		6371EA222871EE5A00300E1B /* Brew Interface.swift */ = {isa = PBXFileReference; lastKnownFileType = sourcecode.swift; path = "Brew Interface.swift"; sourceTree = "<group>"; };
		6371EA2C287202F400300E1B /* Extract from JSON.swift */ = {isa = PBXFileReference; lastKnownFileType = sourcecode.swift; path = "Extract from JSON.swift"; sourceTree = "<group>"; };
		637E00612872F1AF005C9890 /* Search Result.swift */ = {isa = PBXFileReference; lastKnownFileType = sourcecode.swift; path = "Search Result.swift"; sourceTree = "<group>"; };
		637E00632872F3CE005C9890 /* Upgrade Packages.swift */ = {isa = PBXFileReference; lastKnownFileType = sourcecode.swift; path = "Upgrade Packages.swift"; sourceTree = "<group>"; };
		637E00652872F629005C9890 /* Update Progress Tracker.swift */ = {isa = PBXFileReference; lastKnownFileType = sourcecode.swift; path = "Update Progress Tracker.swift"; sourceTree = "<group>"; };
		637E006728733C1C005C9890 /* Search for Package by ID.swift */ = {isa = PBXFileReference; lastKnownFileType = sourcecode.swift; path = "Search for Package by ID.swift"; sourceTree = "<group>"; };
		637E006A28734041005C9890 /* Install Selected Packages.swift */ = {isa = PBXFileReference; lastKnownFileType = sourcecode.swift; path = "Install Selected Packages.swift"; sourceTree = "<group>"; };
		637E006D2873419B005C9890 /* Install Progress Tracker.swift */ = {isa = PBXFileReference; lastKnownFileType = sourcecode.swift; path = "Install Progress Tracker.swift"; sourceTree = "<group>"; };
		63958CFC2877341F00E0B807 /* AppDelegate.swift */ = {isa = PBXFileReference; lastKnownFileType = sourcecode.swift; path = AppDelegate.swift; sourceTree = "<group>"; };
		63958CFF287735F800E0B807 /* About View.swift */ = {isa = PBXFileReference; lastKnownFileType = sourcecode.swift; path = "About View.swift"; sourceTree = "<group>"; };
		639A7D822871D08200B50280 /* Add Formula.swift */ = {isa = PBXFileReference; lastKnownFileType = sourcecode.swift; path = "Add Formula.swift"; sourceTree = "<group>"; };
		639A7D852871D78C00B50280 /* Package Details.swift */ = {isa = PBXFileReference; lastKnownFileType = sourcecode.swift; path = "Package Details.swift"; sourceTree = "<group>"; };
/* End PBXFileReference section */

/* Begin PBXFrameworksBuildPhase section */
		6340655E2871AA42001A2178 /* Frameworks */ = {
			isa = PBXFrameworksBuildPhase;
			buildActionMask = 2147483647;
			files = (
				634065752871AB22001A2178 /* DavidFoundation in Frameworks */,
			);
			runOnlyForDeploymentPostprocessing = 0;
		};
/* End PBXFrameworksBuildPhase section */

/* Begin PBXGroup section */
		634065582871AA42001A2178 = {
			isa = PBXGroup;
			children = (
				634065632871AA42001A2178 /* Cork */,
				634065622871AA42001A2178 /* Products */,
			);
			sourceTree = "<group>";
		};
		634065622871AA42001A2178 /* Products */ = {
			isa = PBXGroup;
			children = (
				634065612871AA42001A2178 /* Cork.app */,
			);
			name = Products;
			sourceTree = "<group>";
		};
		634065632871AA42001A2178 /* Cork */ = {
			isa = PBXGroup;
			children = (
				639A7D812871D07800B50280 /* Views */,
				6340657B2871AC4F001A2178 /* Models */,
				634065762871AB2A001A2178 /* Logic */,
				634065642871AA42001A2178 /* CorkApp.swift */,
				634065662871AA42001A2178 /* ContentView.swift */,
				634065682871AA42001A2178 /* Assets.xcassets */,
				6340656D2871AA42001A2178 /* Cork.entitlements */,
				6340656A2871AA42001A2178 /* Preview Content */,
				6340657E2871AF68001A2178 /* App Constants.swift */,
				63958CFC2877341F00E0B807 /* AppDelegate.swift */,
			);
			path = Cork;
			sourceTree = "<group>";
		};
		6340656A2871AA42001A2178 /* Preview Content */ = {
			isa = PBXGroup;
			children = (
				6340656B2871AA42001A2178 /* Preview Assets.xcassets */,
			);
			path = "Preview Content";
			sourceTree = "<group>";
		};
		634065762871AB2A001A2178 /* Logic */ = {
			isa = PBXGroup;
			children = (
				637E006928734032005C9890 /* Installation */,
				6371EA242871EE6000300E1B /* Shell */,
				6371EA1F2871E0EC00300E1B /* Helpers */,
				634065802871B0A3001A2178 /* File Browser */,
				634065792871AC27001A2178 /* Brew Data Storage.swift */,
				6371EA2C287202F400300E1B /* Extract from JSON.swift */,
				637E00632872F3CE005C9890 /* Upgrade Packages.swift */,
				637E006728733C1C005C9890 /* Search for Package by ID.swift */,
			);
			path = Logic;
			sourceTree = "<group>";
		};
		6340657B2871AC4F001A2178 /* Models */ = {
			isa = PBXGroup;
			children = (
				6340657C2871AC65001A2178 /* Brew Package.swift */,
				637E00612872F1AF005C9890 /* Search Result.swift */,
				637E00652872F629005C9890 /* Update Progress Tracker.swift */,
			);
			path = Models;
			sourceTree = "<group>";
		};
		634065802871B0A3001A2178 /* File Browser */ = {
			isa = PBXGroup;
			children = (
				634065812871B0BE001A2178 /* Get Contents of Folder.swift */,
				634EB3962871C1F00009DFC2 /* Get Package Version.swift */,
			);
			path = "File Browser";
			sourceTree = "<group>";
		};
		6371EA1C2871D96800300E1B /* Packages */ = {
			isa = PBXGroup;
			children = (
				639A7D852871D78C00B50280 /* Package Details.swift */,
				6371EA1D2871D98100300E1B /* Package List Item.swift */,
			);
			path = Packages;
			sourceTree = "<group>";
		};
		6371EA1F2871E0EC00300E1B /* Helpers */ = {
			isa = PBXGroup;
			children = (
				6371EA202871E0FE00300E1B /* Return Formatted Versions.swift */,
			);
			path = Helpers;
			sourceTree = "<group>";
		};
		6371EA242871EE6000300E1B /* Shell */ = {
			isa = PBXGroup;
			children = (
				634065772871AB3A001A2178 /* Shell Interface.swift */,
				6371EA222871EE5A00300E1B /* Brew Interface.swift */,
			);
			path = Shell;
			sourceTree = "<group>";
		};
		637E006928734032005C9890 /* Installation */ = {
			isa = PBXGroup;
			children = (
				637E006A28734041005C9890 /* Install Selected Packages.swift */,
			);
			path = Installation;
			sourceTree = "<group>";
		};
		637E006C28734189005C9890 /* Installation */ = {
			isa = PBXGroup;
			children = (
				639A7D822871D08200B50280 /* Add Formula.swift */,
				637E006D2873419B005C9890 /* Install Progress Tracker.swift */,
			);
			path = Installation;
			sourceTree = "<group>";
		};
		63958CFE287735ED00E0B807 /* About */ = {
			isa = PBXGroup;
			children = (
				63958CFF287735F800E0B807 /* About View.swift */,
			);
			path = About;
			sourceTree = "<group>";
		};
		639A7D812871D07800B50280 /* Views */ = {
			isa = PBXGroup;
			children = (
				63958CFE287735ED00E0B807 /* About */,
				637E006C28734189005C9890 /* Installation */,
				6371EA1C2871D96800300E1B /* Packages */,
			);
			path = Views;
			sourceTree = "<group>";
		};
/* End PBXGroup section */

/* Begin PBXNativeTarget section */
		634065602871AA42001A2178 /* Cork */ = {
			isa = PBXNativeTarget;
			buildConfigurationList = 634065702871AA42001A2178 /* Build configuration list for PBXNativeTarget "Cork" */;
			buildPhases = (
				6340655D2871AA42001A2178 /* Sources */,
				6340655E2871AA42001A2178 /* Frameworks */,
				6340655F2871AA42001A2178 /* Resources */,
			);
			buildRules = (
			);
			dependencies = (
			);
			name = Cork;
			packageProductDependencies = (
				634065742871AB22001A2178 /* DavidFoundation */,
			);
			productName = Cork;
			productReference = 634065612871AA42001A2178 /* Cork.app */;
			productType = "com.apple.product-type.application";
		};
/* End PBXNativeTarget section */

/* Begin PBXProject section */
		634065592871AA42001A2178 /* Project object */ = {
			isa = PBXProject;
			attributes = {
				BuildIndependentTargetsInParallel = 1;
				LastSwiftUpdateCheck = 1400;
				LastUpgradeCheck = 1400;
				TargetAttributes = {
					634065602871AA42001A2178 = {
						CreatedOnToolsVersion = 14.0;
					};
				};
			};
			buildConfigurationList = 6340655C2871AA42001A2178 /* Build configuration list for PBXProject "Cork" */;
			compatibilityVersion = "Xcode 14.0";
			developmentRegion = en;
			hasScannedForEncodings = 0;
			knownRegions = (
				en,
				Base,
			);
			mainGroup = 634065582871AA42001A2178;
			packageReferences = (
				634065732871AB22001A2178 /* XCRemoteSwiftPackageReference "DavidFoundation" */,
			);
			productRefGroup = 634065622871AA42001A2178 /* Products */;
			projectDirPath = "";
			projectRoot = "";
			targets = (
				634065602871AA42001A2178 /* Cork */,
			);
		};
/* End PBXProject section */

/* Begin PBXResourcesBuildPhase section */
		6340655F2871AA42001A2178 /* Resources */ = {
			isa = PBXResourcesBuildPhase;
			buildActionMask = 2147483647;
			files = (
				6340656C2871AA42001A2178 /* Preview Assets.xcassets in Resources */,
				634065692871AA42001A2178 /* Assets.xcassets in Resources */,
			);
			runOnlyForDeploymentPostprocessing = 0;
		};
/* End PBXResourcesBuildPhase section */

/* Begin PBXSourcesBuildPhase section */
		6340655D2871AA42001A2178 /* Sources */ = {
			isa = PBXSourcesBuildPhase;
			buildActionMask = 2147483647;
			files = (
				634065782871AB3A001A2178 /* Shell Interface.swift in Sources */,
				634065822871B0BE001A2178 /* Get Contents of Folder.swift in Sources */,
				639A7D832871D08200B50280 /* Add Formula.swift in Sources */,
				637E00622872F1AF005C9890 /* Search Result.swift in Sources */,
				637E006828733C1C005C9890 /* Search for Package by ID.swift in Sources */,
				6340657A2871AC27001A2178 /* Brew Data Storage.swift in Sources */,
				6340657F2871AF68001A2178 /* App Constants.swift in Sources */,
				634065672871AA42001A2178 /* ContentView.swift in Sources */,
				6340657D2871AC65001A2178 /* Brew Package.swift in Sources */,
				637E00642872F3CE005C9890 /* Upgrade Packages.swift in Sources */,
				6371EA2D287202F400300E1B /* Extract from JSON.swift in Sources */,
				6371EA1E2871D98100300E1B /* Package List Item.swift in Sources */,
				637E006B28734041005C9890 /* Install Selected Packages.swift in Sources */,
				634EB3972871C1F00009DFC2 /* Get Package Version.swift in Sources */,
				6371EA212871E0FE00300E1B /* Return Formatted Versions.swift in Sources */,
				6371EA232871EE5A00300E1B /* Brew Interface.swift in Sources */,
				637E00662872F629005C9890 /* Update Progress Tracker.swift in Sources */,
				637E006E2873419B005C9890 /* Install Progress Tracker.swift in Sources */,
				63958CFD2877341F00E0B807 /* AppDelegate.swift in Sources */,
				63958D00287735F800E0B807 /* About View.swift in Sources */,
				639A7D862871D78C00B50280 /* Package Details.swift in Sources */,
				634065652871AA42001A2178 /* CorkApp.swift in Sources */,
			);
			runOnlyForDeploymentPostprocessing = 0;
		};
/* End PBXSourcesBuildPhase section */

/* Begin XCBuildConfiguration section */
		6340656E2871AA42001A2178 /* Debug */ = {
			isa = XCBuildConfiguration;
			buildSettings = {
				ALWAYS_SEARCH_USER_PATHS = NO;
				CLANG_ANALYZER_NONNULL = YES;
				CLANG_ANALYZER_NUMBER_OBJECT_CONVERSION = YES_AGGRESSIVE;
				CLANG_CXX_LANGUAGE_STANDARD = "gnu++17";
				CLANG_ENABLE_MODULES = YES;
				CLANG_ENABLE_OBJC_ARC = YES;
				CLANG_ENABLE_OBJC_WEAK = YES;
				CLANG_WARN_BLOCK_CAPTURE_AUTORELEASING = YES;
				CLANG_WARN_BOOL_CONVERSION = YES;
				CLANG_WARN_COMMA = YES;
				CLANG_WARN_CONSTANT_CONVERSION = YES;
				CLANG_WARN_DEPRECATED_OBJC_IMPLEMENTATIONS = YES;
				CLANG_WARN_DIRECT_OBJC_ISA_USAGE = YES_ERROR;
				CLANG_WARN_DOCUMENTATION_COMMENTS = YES;
				CLANG_WARN_EMPTY_BODY = YES;
				CLANG_WARN_ENUM_CONVERSION = YES;
				CLANG_WARN_INFINITE_RECURSION = YES;
				CLANG_WARN_INT_CONVERSION = YES;
				CLANG_WARN_NON_LITERAL_NULL_CONVERSION = YES;
				CLANG_WARN_OBJC_IMPLICIT_RETAIN_SELF = YES;
				CLANG_WARN_OBJC_LITERAL_CONVERSION = YES;
				CLANG_WARN_OBJC_ROOT_CLASS = YES_ERROR;
				CLANG_WARN_QUOTED_INCLUDE_IN_FRAMEWORK_HEADER = YES;
				CLANG_WARN_RANGE_LOOP_ANALYSIS = YES;
				CLANG_WARN_STRICT_PROTOTYPES = YES;
				CLANG_WARN_SUSPICIOUS_MOVE = YES;
				CLANG_WARN_UNGUARDED_AVAILABILITY = YES_AGGRESSIVE;
				CLANG_WARN_UNREACHABLE_CODE = YES;
				CLANG_WARN__DUPLICATE_METHOD_MATCH = YES;
				COPY_PHASE_STRIP = NO;
				DEBUG_INFORMATION_FORMAT = dwarf;
				ENABLE_STRICT_OBJC_MSGSEND = YES;
				ENABLE_TESTABILITY = YES;
				GCC_C_LANGUAGE_STANDARD = gnu11;
				GCC_DYNAMIC_NO_PIC = NO;
				GCC_NO_COMMON_BLOCKS = YES;
				GCC_OPTIMIZATION_LEVEL = 0;
				GCC_PREPROCESSOR_DEFINITIONS = (
					"DEBUG=1",
					"$(inherited)",
				);
				GCC_WARN_64_TO_32_BIT_CONVERSION = YES;
				GCC_WARN_ABOUT_RETURN_TYPE = YES_ERROR;
				GCC_WARN_UNDECLARED_SELECTOR = YES;
				GCC_WARN_UNINITIALIZED_AUTOS = YES_AGGRESSIVE;
				GCC_WARN_UNUSED_FUNCTION = YES;
				GCC_WARN_UNUSED_VARIABLE = YES;
				MACOSX_DEPLOYMENT_TARGET = 12.4;
				MTL_ENABLE_DEBUG_INFO = INCLUDE_SOURCE;
				MTL_FAST_MATH = YES;
				ONLY_ACTIVE_ARCH = YES;
				SDKROOT = macosx;
				SWIFT_ACTIVE_COMPILATION_CONDITIONS = DEBUG;
				SWIFT_OPTIMIZATION_LEVEL = "-Onone";
			};
			name = Debug;
		};
		6340656F2871AA42001A2178 /* Release */ = {
			isa = XCBuildConfiguration;
			buildSettings = {
				ALWAYS_SEARCH_USER_PATHS = NO;
				CLANG_ANALYZER_NONNULL = YES;
				CLANG_ANALYZER_NUMBER_OBJECT_CONVERSION = YES_AGGRESSIVE;
				CLANG_CXX_LANGUAGE_STANDARD = "gnu++17";
				CLANG_ENABLE_MODULES = YES;
				CLANG_ENABLE_OBJC_ARC = YES;
				CLANG_ENABLE_OBJC_WEAK = YES;
				CLANG_WARN_BLOCK_CAPTURE_AUTORELEASING = YES;
				CLANG_WARN_BOOL_CONVERSION = YES;
				CLANG_WARN_COMMA = YES;
				CLANG_WARN_CONSTANT_CONVERSION = YES;
				CLANG_WARN_DEPRECATED_OBJC_IMPLEMENTATIONS = YES;
				CLANG_WARN_DIRECT_OBJC_ISA_USAGE = YES_ERROR;
				CLANG_WARN_DOCUMENTATION_COMMENTS = YES;
				CLANG_WARN_EMPTY_BODY = YES;
				CLANG_WARN_ENUM_CONVERSION = YES;
				CLANG_WARN_INFINITE_RECURSION = YES;
				CLANG_WARN_INT_CONVERSION = YES;
				CLANG_WARN_NON_LITERAL_NULL_CONVERSION = YES;
				CLANG_WARN_OBJC_IMPLICIT_RETAIN_SELF = YES;
				CLANG_WARN_OBJC_LITERAL_CONVERSION = YES;
				CLANG_WARN_OBJC_ROOT_CLASS = YES_ERROR;
				CLANG_WARN_QUOTED_INCLUDE_IN_FRAMEWORK_HEADER = YES;
				CLANG_WARN_RANGE_LOOP_ANALYSIS = YES;
				CLANG_WARN_STRICT_PROTOTYPES = YES;
				CLANG_WARN_SUSPICIOUS_MOVE = YES;
				CLANG_WARN_UNGUARDED_AVAILABILITY = YES_AGGRESSIVE;
				CLANG_WARN_UNREACHABLE_CODE = YES;
				CLANG_WARN__DUPLICATE_METHOD_MATCH = YES;
				COPY_PHASE_STRIP = NO;
				DEBUG_INFORMATION_FORMAT = "dwarf-with-dsym";
				ENABLE_NS_ASSERTIONS = NO;
				ENABLE_STRICT_OBJC_MSGSEND = YES;
				GCC_C_LANGUAGE_STANDARD = gnu11;
				GCC_NO_COMMON_BLOCKS = YES;
				GCC_WARN_64_TO_32_BIT_CONVERSION = YES;
				GCC_WARN_ABOUT_RETURN_TYPE = YES_ERROR;
				GCC_WARN_UNDECLARED_SELECTOR = YES;
				GCC_WARN_UNINITIALIZED_AUTOS = YES_AGGRESSIVE;
				GCC_WARN_UNUSED_FUNCTION = YES;
				GCC_WARN_UNUSED_VARIABLE = YES;
				MACOSX_DEPLOYMENT_TARGET = 12.4;
				MTL_ENABLE_DEBUG_INFO = NO;
				MTL_FAST_MATH = YES;
				SDKROOT = macosx;
				SWIFT_COMPILATION_MODE = wholemodule;
				SWIFT_OPTIMIZATION_LEVEL = "-O";
			};
			name = Release;
		};
		634065712871AA42001A2178 /* Debug */ = {
			isa = XCBuildConfiguration;
			buildSettings = {
				ASSETCATALOG_COMPILER_APPICON_NAME = AppIcon;
				ASSETCATALOG_COMPILER_GLOBAL_ACCENT_COLOR_NAME = AccentColor;
				CODE_SIGN_ENTITLEMENTS = Cork/Cork.entitlements;
				CODE_SIGN_STYLE = Automatic;
				COMBINE_HIDPI_IMAGES = YES;
				CURRENT_PROJECT_VERSION = 1;
				DEVELOPMENT_ASSET_PATHS = "\"Cork/Preview Content\"";
				DEVELOPMENT_TEAM = ZSVA6DVZHM;
				ENABLE_HARDENED_RUNTIME = YES;
				ENABLE_PREVIEWS = YES;
				GENERATE_INFOPLIST_FILE = YES;
				INFOPLIST_KEY_LSApplicationCategoryType = "public.app-category.utilities";
				INFOPLIST_KEY_NSHumanReadableCopyright = "";
				LD_RUNPATH_SEARCH_PATHS = (
					"$(inherited)",
					"@executable_path/../Frameworks",
				);
				MARKETING_VERSION = 1.0;
				PRODUCT_BUNDLE_IDENTIFIER = com.davidbures.Cork;
				PRODUCT_NAME = "$(TARGET_NAME)";
				SWIFT_EMIT_LOC_STRINGS = YES;
				SWIFT_VERSION = 5.0;
			};
			name = Debug;
		};
		634065722871AA42001A2178 /* Release */ = {
			isa = XCBuildConfiguration;
			buildSettings = {
				ASSETCATALOG_COMPILER_APPICON_NAME = AppIcon;
				ASSETCATALOG_COMPILER_GLOBAL_ACCENT_COLOR_NAME = AccentColor;
				CODE_SIGN_ENTITLEMENTS = Cork/Cork.entitlements;
				CODE_SIGN_STYLE = Automatic;
				COMBINE_HIDPI_IMAGES = YES;
				CURRENT_PROJECT_VERSION = 1;
				DEVELOPMENT_ASSET_PATHS = "\"Cork/Preview Content\"";
				DEVELOPMENT_TEAM = ZSVA6DVZHM;
				ENABLE_HARDENED_RUNTIME = YES;
				ENABLE_PREVIEWS = YES;
				GENERATE_INFOPLIST_FILE = YES;
				INFOPLIST_KEY_LSApplicationCategoryType = "public.app-category.utilities";
				INFOPLIST_KEY_NSHumanReadableCopyright = "";
				LD_RUNPATH_SEARCH_PATHS = (
					"$(inherited)",
					"@executable_path/../Frameworks",
				);
				MARKETING_VERSION = 1.0;
				PRODUCT_BUNDLE_IDENTIFIER = com.davidbures.Cork;
				PRODUCT_NAME = "$(TARGET_NAME)";
				SWIFT_EMIT_LOC_STRINGS = YES;
				SWIFT_VERSION = 5.0;
			};
			name = Release;
		};
/* End XCBuildConfiguration section */

/* Begin XCConfigurationList section */
		6340655C2871AA42001A2178 /* Build configuration list for PBXProject "Cork" */ = {
			isa = XCConfigurationList;
			buildConfigurations = (
				6340656E2871AA42001A2178 /* Debug */,
				6340656F2871AA42001A2178 /* Release */,
			);
			defaultConfigurationIsVisible = 0;
			defaultConfigurationName = Release;
		};
		634065702871AA42001A2178 /* Build configuration list for PBXNativeTarget "Cork" */ = {
			isa = XCConfigurationList;
			buildConfigurations = (
				634065712871AA42001A2178 /* Debug */,
				634065722871AA42001A2178 /* Release */,
			);
			defaultConfigurationIsVisible = 0;
			defaultConfigurationName = Release;
		};
/* End XCConfigurationList section */

/* Begin XCRemoteSwiftPackageReference section */
		634065732871AB22001A2178 /* XCRemoteSwiftPackageReference "DavidFoundation" */ = {
			isa = XCRemoteSwiftPackageReference;
			repositoryURL = "https://github.com/buresdv/DavidFoundation";
			requirement = {
				branch = main;
				kind = branch;
			};
		};
/* End XCRemoteSwiftPackageReference section */

/* Begin XCSwiftPackageProductDependency section */
		634065742871AB22001A2178 /* DavidFoundation */ = {
			isa = XCSwiftPackageProductDependency;
			package = 634065732871AB22001A2178 /* XCRemoteSwiftPackageReference "DavidFoundation" */;
			productName = DavidFoundation;
		};
/* End XCSwiftPackageProductDependency section */
	};
	rootObject = 634065592871AA42001A2178 /* Project object */;
}
